
Microsoft Visual Studio Solution File, Format Version 12.00
# Visual Studio 2013
VisualStudioVersion = 12.0.40629.0
MinimumVisualStudioVersion = 10.0.40219.1
Project("{F184B08F-C81C-45F6-A57F-5ABD9991F28F}") = "Driver_Wattlet", "Driver_Wattlet.vbproj", "{A25B5FE3-E3FC-4631-8B85-BF19B7F3BEC2}"
EndProject
Global
	GlobalSection(SolutionConfigurationPlatforms) = preSolution
		Debug|Any CPU = Debug|Any CPU
		Release|Any CPU = Release|Any CPU
	EndGlobalSection
	GlobalSection(ProjectConfigurationPlatforms) = postSolution
		{A25B5FE3-E3FC-4631-8B85-BF19B7F3BEC2}.Debug|Any CPU.ActiveCfg = Debug|Any CPU
		{A25B5FE3-E3FC-4631-8B85-BF19B7F3BEC2}.Debug|Any CPU.Build.0 = Debug|Any CPU
		{A25B5FE3-E3FC-4631-8B85-BF19B7F3BEC2}.Release|Any CPU.ActiveCfg = Release|Any CPU
		{A25B5FE3-E3FC-4631-8B85-BF19B7F3BEC2}.Release|Any CPU.Build.0 = Release|Any CPU
	EndGlobalSection
	GlobalSection(SolutionProperties) = preSolution
		HideSolutionNode = FALSE
	EndGlobalSection
EndGlobal
