
Microsoft Visual Studio Solution File, Format Version 12.00
# Visual Studio 2013
VisualStudioVersion = 12.0.21005.1
MinimumVisualStudioVersion = 10.0.40219.1
Project("{F184B08F-C81C-45F6-A57F-5ABD9991F28F}") = "Driver_Foobar", "Drivers\Driver_Foobar\Driver_Foobar.vbproj", "{62C5EA60-2FE8-4F56-BC66-BE2D7B14CA5B}"
EndProject
Project("{F184B08F-C81C-45F6-A57F-5ABD9991F28F}") = "Driver_k8055", "Drivers\Driver_k8055\Driver_k8055.vbproj", "{B1154B53-619A-4878-8915-9A98904EEEF5}"
EndProject
Project("{F184B08F-C81C-45F6-A57F-5ABD9991F28F}") = "Driver_k8056", "Drivers\Driver_k8056\Driver_k8056.vbproj", "{E45EDD1D-4BED-4782-9050-D42EF782C28E}"
EndProject
Project("{F184B08F-C81C-45F6-A57F-5ABD9991F28F}") = "HoMIDom", "HoMIDom\HoMIDom.vbproj", "{1F0CE8B5-5BA9-4704-8B5E-52682635F803}"
EndProject
Project("{F184B08F-C81C-45F6-A57F-5ABD9991F28F}") = "Driver_OneWire", "Drivers\Driver_onewire\Driver_OneWire.vbproj", "{B0602976-1274-4BDB-8158-9A655821E14D}"
	ProjectSection(ProjectDependencies) = postProject
		{1F0CE8B5-5BA9-4704-8B5E-52682635F803} = {1F0CE8B5-5BA9-4704-8B5E-52682635F803}
	EndProjectSection
EndProject
Project("{F184B08F-C81C-45F6-A57F-5ABD9991F28F}") = "Driver_PLCBUS", "Drivers\Driver_PLCBUS\Driver_PLCBUS.vbproj", "{DBF3A25F-E50B-40F9-A7D3-312BC11CB08A}"
EndProject
Project("{F184B08F-C81C-45F6-A57F-5ABD9991F28F}") = "Driver_USBuirt", "Drivers\Driver_USBuirt\Driver_USBuirt.vbproj", "{246DB066-8785-455D-8431-F43CE60D5CA1}"
EndProject
Project("{F184B08F-C81C-45F6-A57F-5ABD9991F28F}") = "Driver_Virtuel", "Drivers\Driver_Virtuel\Driver_Virtuel.vbproj", "{3A236F04-48E0-4FD9-AD24-641928DC2621}"
EndProject
Project("{F184B08F-C81C-45F6-A57F-5ABD9991F28F}") = "Driver_Zibase", "Drivers\Driver_Zibase\Driver_Zibase.vbproj", "{0B857806-380B-4290-94DB-80EE647CBEB2}"
EndProject
Project("{F184B08F-C81C-45F6-A57F-5ABD9991F28F}") = "HoMIAdmiN", "HoMIAdmiN\HoMIAdmiN\HoMIAdmiN.vbproj", "{6BB2F741-F077-4D87-90C5-619AF11786FF}"
	ProjectSection(ProjectDependencies) = postProject
		{1F0CE8B5-5BA9-4704-8B5E-52682635F803} = {1F0CE8B5-5BA9-4704-8B5E-52682635F803}
	EndProjectSection
EndProject
Project("{F184B08F-C81C-45F6-A57F-5ABD9991F28F}") = "Driver_Mirror", "Drivers\Driver_Mirror\Driver_Mirror.vbproj", "{CCD77A3B-B127-4EA4-8653-E810CA8243B2}"
EndProject
Project("{F184B08F-C81C-45F6-A57F-5ABD9991F28F}") = "Driver_RFXMitter", "Drivers\Driver_RFXMitter\Driver_RFXMitter.vbproj", "{F8190EE1-FE56-4181-BE8B-2E5558A086CE}"
EndProject
Project("{F184B08F-C81C-45F6-A57F-5ABD9991F28F}") = "Driver_DMX", "Drivers\Driver_DMX\Driver_DMX.vbproj", "{E6E5D9D5-A67A-4CFE-84EB-EFCCDB62F351}"
EndProject
Project("{F184B08F-C81C-45F6-A57F-5ABD9991F28F}") = "Driver_Phidget", "Drivers\Driver_Phidget\Driver_Phidget.vbproj", "{27A91FC0-0859-43A8-8A35-6B3C159889D9}"
EndProject
Project("{F184B08F-C81C-45F6-A57F-5ABD9991F28F}") = "Driver_X10_CM15", "Drivers\Driver_X10_CM15\Driver_X10_CM15.vbproj", "{7D4D3AFA-4377-4B3A-8B6D-6E06CCA0C73E}"
EndProject
Project("{F184B08F-C81C-45F6-A57F-5ABD9991F28F}") = "Driver_Arduino", "Drivers\Driver_Arduino\Driver_Arduino.vbproj", "{BBBA21FA-21D8-4A73-B392-43D85D3BF076}"
EndProject
Project("{F184B08F-C81C-45F6-A57F-5ABD9991F28F}") = "Driver_teleinfo", "Drivers\Driver_teleinfo\Driver_teleinfo.vbproj", "{47A7B1DB-9947-4508-912C-E84EEB9E6D1E}"
EndProject
Project("{F184B08F-C81C-45F6-A57F-5ABD9991F28F}") = "Driver_X10_CM11", "Drivers\Driver_X10_CM11\Driver_X10_CM11.vbproj", "{5301E9F1-4D8F-40AA-ADBA-1C209984CD5B}"
EndProject
Project("{F184B08F-C81C-45F6-A57F-5ABD9991F28F}") = "Driver_RFXtrx", "Drivers\Driver_RFXtrx\Driver_RFXtrx.vbproj", "{3E707D1C-C9E9-4236-BC79-3199128EC3C5}"
EndProject
Project("{F184B08F-C81C-45F6-A57F-5ABD9991F28F}") = "Driver_http", "Drivers\Driver_http\Driver_http.vbproj", "{3F2AFCD6-F1E0-4DE0-AD67-1087FBF90FE4}"
EndProject
Project("{F184B08F-C81C-45F6-A57F-5ABD9991F28F}") = "Driver_Zwave", "Drivers\Driver_Zwave\Driver_Zwave.vbproj", "{37AF0456-F7F6-4E41-9C4C-ADC14D5802FD}"
EndProject
Project("{F184B08F-C81C-45F6-A57F-5ABD9991F28F}") = "Driver_RFXReceiver", "Drivers\Driver_RFXReceiver\Driver_RFXReceiver.vbproj", "{42022F14-ACC9-44BD-B5AF-E2F6ABCFE9A4}"
EndProject
Project("{F184B08F-C81C-45F6-A57F-5ABD9991F28F}") = "Driver_HomeSeer", "Drivers\Driver_HomeSeer\Driver_HomeSeer.vbproj", "{98E7E9D3-1D26-46E2-AD72-3B70DCF2BC54}"
EndProject
Project("{F184B08F-C81C-45F6-A57F-5ABD9991F28F}") = "Driver_OpenWebNet_USB", "Drivers\Driver_OpenWebNet_USB\Driver_OpenWebNet_USB.vbproj", "{E579A0E8-350D-48FE-B852-C5ABB2FCDF35}"
EndProject
Project("{F184B08F-C81C-45F6-A57F-5ABD9991F28F}") = "Driver_Weather", "Drivers\Driver_Weather\Driver_Weather.vbproj", "{29C20DFB-7DAB-451D-AD8C-F5E6CEDBF400}"
EndProject
Project("{F184B08F-C81C-45F6-A57F-5ABD9991F28F}") = "Driver_OpenWebNet_IP", "Drivers\Driver_OpenWebNet_IP\Driver_OpenWebNet_IP.vbproj", "{53F1CB03-DD58-4A63-B308-B099A47E9E86}"
EndProject
Project("{F184B08F-C81C-45F6-A57F-5ABD9991F28F}") = "Driver_CurrentCost", "Drivers\Driver_CurrentCost\Driver_CurrentCost.vbproj", "{DF378B58-7FC8-4B66-9AE3-7A8EFDAE04B6}"
EndProject
Project("{F184B08F-C81C-45F6-A57F-5ABD9991F28F}") = "Driver_Gsm", "Drivers\Driver_Gsm\Driver_Gsm.vbproj", "{3FF36C8E-49D2-4BBC-BF08-94AC1560F0D5}"
EndProject
Project("{F184B08F-C81C-45F6-A57F-5ABD9991F28F}") = "Driver_System", "Drivers\Driver_System\Driver_System.vbproj", "{B70BAE66-3932-44F4-A411-C7EA6F1342AD}"
EndProject
Project("{F184B08F-C81C-45F6-A57F-5ABD9991F28F}") = "Driver_k8000", "Drivers\Driver_k8000\Driver_k8000.vbproj", "{64F4D426-C8EB-4A90-908C-2BB45BE6C136}"
EndProject
Project("{F184B08F-C81C-45F6-A57F-5ABD9991F28F}") = "HoMIDomWebAPI", "HoMIDomWebAPI\HoMIDomWebAPI.vbproj", "{96963754-902F-4F02-AB66-D06A0D2E3242}"
	ProjectSection(ProjectDependencies) = postProject
		{1F0CE8B5-5BA9-4704-8B5E-52682635F803} = {1F0CE8B5-5BA9-4704-8B5E-52682635F803}
	EndProjectSection
EndProject
Project("{F184B08F-C81C-45F6-A57F-5ABD9991F28F}") = "Driver_Teracom", "Drivers\Driver_Teracom\Driver_Teracom.vbproj", "{E2E39EA8-8B98-4DF9-9F7B-EEA0B9AAEF70}"
EndProject
Project("{F184B08F-C81C-45F6-A57F-5ABD9991F28F}") = "Driver_KNX", "Drivers\Driver_KNX\Driver_KNX.vbproj", "{D8453C80-9800-4B83-8BEC-8D0EA7094E28}"
EndProject
Project("{F184B08F-C81C-45F6-A57F-5ABD9991F28F}") = "Driver_GoogleCalendar", "Drivers\Driver_GoogleCalendar\Driver_GoogleCalendar.vbproj", "{5174EC6A-8472-4028-A720-CAD8C5AAFA80}"
EndProject
Project("{F184B08F-C81C-45F6-A57F-5ABD9991F28F}") = "Driver_ModbusTCP", "Drivers\Driver_ModbusTCP\Driver_ModbusTCP.vbproj", "{A7A82C39-B106-4ADA-8E3C-8A9377252F1E}"
EndProject
Project("{F184B08F-C81C-45F6-A57F-5ABD9991F28F}") = "Driver_OregonS", "Drivers\Driver_OregonS\Driver_OregonS.vbproj", "{705354D6-56D9-4549-A904-1BF629BC1CF8}"
EndProject
Project("{F184B08F-C81C-45F6-A57F-5ABD9991F28F}") = "HoMIServicE", "HoMIServicE\HoMIServicE.vbproj", "{64087A00-4D6A-454B-B31B-43A512831F3F}"
EndProject
Project("{F184B08F-C81C-45F6-A57F-5ABD9991F28F}") = "HoMIGuI", "HoMIGuI\HoMIGuI.vbproj", "{1209794D-A004-4D5F-A169-80F1B709CE54}"
EndProject
Project("{F184B08F-C81C-45F6-A57F-5ABD9991F28F}") = "Driver_Hue", "Drivers\Driver_Hue\Driver_Hue.vbproj", "{E95E1D0E-F4F8-4197-8C99-0A9868685E7D}"
EndProject
Project("{F184B08F-C81C-45F6-A57F-5ABD9991F28F}") = "Driver_Mail", "Drivers\Driver_Mail\Driver_Mail.vbproj", "{27E41472-2814-4D20-84C8-858CEFB0C5BC}"
EndProject
Project("{F184B08F-C81C-45F6-A57F-5ABD9991F28F}") = "Driver_Arduino_HTTP", "Drivers\Driver_Arduino_HTTP\Driver_Arduino_HTTP.vbproj", "{BF31D5CA-D3C8-478B-B0CF-9F186DA133EF}"
EndProject
Project("{F184B08F-C81C-45F6-A57F-5ABD9991F28F}") = "Driver_PhidgetSBC", "Drivers\Driver_PhidgetSBC\Driver_PhidgetSBC.vbproj", "{FEC08548-CD77-4F42-875C-E8341F7B8E30}"
EndProject
Project("{F184B08F-C81C-45F6-A57F-5ABD9991F28F}") = "Driver_Netatmo", "Drivers\Driver_Netatmo\Driver_Netatmo.vbproj", "{2C5598AF-67D1-45C9-B01E-FB536E11826D}"
EndProject
Project("{F184B08F-C81C-45F6-A57F-5ABD9991F28F}") = "Driver_Arduino_USB", "Drivers\Driver_ArduinoPlusPlus\Driver_Arduino_USB.vbproj", "{45E0DD7E-6590-4657-8C2A-F2CFB63AF398}"
EndProject
Project("{F184B08F-C81C-45F6-A57F-5ABD9991F28F}") = "Driver_Nest", "Drivers\Driver_Nest\Driver_Nest.vbproj", "{66EFE707-510B-4D78-9FB1-228C0AE19640}"
EndProject
Project("{F184B08F-C81C-45F6-A57F-5ABD9991F28F}") = "Driver_IPX800", "Drivers\Driver_IPX800\Driver_IPX800.vbproj", "{7E92B3E9-0C1F-4FD0-BCB8-21A298735F5E}"
EndProject
Project("{F184B08F-C81C-45F6-A57F-5ABD9991F28F}") = "Driver_apc", "Drivers\Driver_Apc\Driver_apc.vbproj", "{FD7B7D66-9812-4583-81D5-C4A51C84C2B0}"
EndProject
Project("{F184B08F-C81C-45F6-A57F-5ABD9991F28F}") = "Driver_Alertes", "Drivers\Driver_Alertes\Driver_Alertes.vbproj", "{D32BFA72-0193-424A-8025-809A75C51CE2}"
EndProject
Project("{F184B08F-C81C-45F6-A57F-5ABD9991F28F}") = "Driver_BDD", "Drivers\Driver_BDD\Driver_BDD.vbproj", "{41C380BE-0028-4453-B69F-F1B709D5D391}"
EndProject
Project("{2150E333-8FDC-42A3-9474-1A3956D46DE8}") = "Drivers", "Drivers", "{A84FBDA1-CBD9-45E0-A3CC-7C0E7842D533}"
EndProject
Project("{F184B08F-C81C-45F6-A57F-5ABD9991F28F}") = "HoMIWpF", "HoMIWpf\HoMIWpF.vbproj", "{B2E1A76D-CCD9-4C87-B0A2-FA23396D78D0}"
EndProject
Project("{F184B08F-C81C-45F6-A57F-5ABD9991F28F}") = "Driver_ImperiHome", "Drivers_autonomes\Driver_ImperiHome\Driver_ImperiHome.vbproj", "{66D5DC1D-246B-49DA-9856-4ED68966D3C7}"
EndProject
Project("{F184B08F-C81C-45F6-A57F-5ABD9991F28F}") = "Driver_WES", "Drivers_autonomes\Driver_WES\Driver_WES.vbproj", "{25D01A09-60A9-4D63-B18F-CF54D158897C}"
EndProject
Global
	GlobalSection(SolutionConfigurationPlatforms) = preSolution
		Debug|Any CPU = Debug|Any CPU
		Debug|Mixed Platforms = Debug|Mixed Platforms
		Debug|x86 = Debug|x86
		Release|Any CPU = Release|Any CPU
		Release|Mixed Platforms = Release|Mixed Platforms
		Release|x86 = Release|x86
	EndGlobalSection
	GlobalSection(ProjectConfigurationPlatforms) = postSolution
		{62C5EA60-2FE8-4F56-BC66-BE2D7B14CA5B}.Debug|Any CPU.ActiveCfg = Debug|Any CPU
		{62C5EA60-2FE8-4F56-BC66-BE2D7B14CA5B}.Debug|Mixed Platforms.ActiveCfg = Debug|Any CPU
		{62C5EA60-2FE8-4F56-BC66-BE2D7B14CA5B}.Debug|Mixed Platforms.Build.0 = Debug|Any CPU
		{62C5EA60-2FE8-4F56-BC66-BE2D7B14CA5B}.Debug|x86.ActiveCfg = Debug|Any CPU
		{62C5EA60-2FE8-4F56-BC66-BE2D7B14CA5B}.Release|Any CPU.ActiveCfg = Release|Any CPU
		{62C5EA60-2FE8-4F56-BC66-BE2D7B14CA5B}.Release|Mixed Platforms.ActiveCfg = Release|Any CPU
		{62C5EA60-2FE8-4F56-BC66-BE2D7B14CA5B}.Release|Mixed Platforms.Build.0 = Release|Any CPU
		{62C5EA60-2FE8-4F56-BC66-BE2D7B14CA5B}.Release|x86.ActiveCfg = Release|Any CPU
		{B1154B53-619A-4878-8915-9A98904EEEF5}.Debug|Any CPU.ActiveCfg = Debug|Any CPU
		{B1154B53-619A-4878-8915-9A98904EEEF5}.Debug|Mixed Platforms.ActiveCfg = Debug|Any CPU
		{B1154B53-619A-4878-8915-9A98904EEEF5}.Debug|Mixed Platforms.Build.0 = Debug|Any CPU
		{B1154B53-619A-4878-8915-9A98904EEEF5}.Debug|x86.ActiveCfg = Debug|Any CPU
		{B1154B53-619A-4878-8915-9A98904EEEF5}.Release|Any CPU.ActiveCfg = Release|Any CPU
		{B1154B53-619A-4878-8915-9A98904EEEF5}.Release|Mixed Platforms.ActiveCfg = Release|Any CPU
		{B1154B53-619A-4878-8915-9A98904EEEF5}.Release|Mixed Platforms.Build.0 = Release|Any CPU
		{B1154B53-619A-4878-8915-9A98904EEEF5}.Release|x86.ActiveCfg = Release|Any CPU
		{E45EDD1D-4BED-4782-9050-D42EF782C28E}.Debug|Any CPU.ActiveCfg = Debug|Any CPU
		{E45EDD1D-4BED-4782-9050-D42EF782C28E}.Debug|Mixed Platforms.ActiveCfg = Debug|Any CPU
		{E45EDD1D-4BED-4782-9050-D42EF782C28E}.Debug|Mixed Platforms.Build.0 = Debug|Any CPU
		{E45EDD1D-4BED-4782-9050-D42EF782C28E}.Debug|x86.ActiveCfg = Debug|Any CPU
		{E45EDD1D-4BED-4782-9050-D42EF782C28E}.Release|Any CPU.ActiveCfg = Release|Any CPU
		{E45EDD1D-4BED-4782-9050-D42EF782C28E}.Release|Mixed Platforms.ActiveCfg = Release|Any CPU
		{E45EDD1D-4BED-4782-9050-D42EF782C28E}.Release|Mixed Platforms.Build.0 = Release|Any CPU
		{E45EDD1D-4BED-4782-9050-D42EF782C28E}.Release|x86.ActiveCfg = Release|Any CPU
		{1F0CE8B5-5BA9-4704-8B5E-52682635F803}.Debug|Any CPU.ActiveCfg = Debug|Any CPU
		{1F0CE8B5-5BA9-4704-8B5E-52682635F803}.Debug|Mixed Platforms.ActiveCfg = Debug|Any CPU
		{1F0CE8B5-5BA9-4704-8B5E-52682635F803}.Debug|Mixed Platforms.Build.0 = Debug|Any CPU
		{1F0CE8B5-5BA9-4704-8B5E-52682635F803}.Debug|x86.ActiveCfg = Debug|Any CPU
		{1F0CE8B5-5BA9-4704-8B5E-52682635F803}.Release|Any CPU.ActiveCfg = Release|Any CPU
		{1F0CE8B5-5BA9-4704-8B5E-52682635F803}.Release|Mixed Platforms.ActiveCfg = Release|Any CPU
		{1F0CE8B5-5BA9-4704-8B5E-52682635F803}.Release|Mixed Platforms.Build.0 = Release|Any CPU
		{1F0CE8B5-5BA9-4704-8B5E-52682635F803}.Release|x86.ActiveCfg = Release|Any CPU
		{B0602976-1274-4BDB-8158-9A655821E14D}.Debug|Any CPU.ActiveCfg = Debug|Any CPU
		{B0602976-1274-4BDB-8158-9A655821E14D}.Debug|Mixed Platforms.ActiveCfg = Debug|Any CPU
		{B0602976-1274-4BDB-8158-9A655821E14D}.Debug|Mixed Platforms.Build.0 = Debug|Any CPU
		{B0602976-1274-4BDB-8158-9A655821E14D}.Debug|x86.ActiveCfg = Debug|Any CPU
		{B0602976-1274-4BDB-8158-9A655821E14D}.Release|Any CPU.ActiveCfg = Release|Any CPU
		{B0602976-1274-4BDB-8158-9A655821E14D}.Release|Mixed Platforms.ActiveCfg = Release|Any CPU
		{B0602976-1274-4BDB-8158-9A655821E14D}.Release|Mixed Platforms.Build.0 = Release|Any CPU
		{B0602976-1274-4BDB-8158-9A655821E14D}.Release|x86.ActiveCfg = Release|Any CPU
		{DBF3A25F-E50B-40F9-A7D3-312BC11CB08A}.Debug|Any CPU.ActiveCfg = Debug|Any CPU
		{DBF3A25F-E50B-40F9-A7D3-312BC11CB08A}.Debug|Mixed Platforms.ActiveCfg = Debug|Any CPU
		{DBF3A25F-E50B-40F9-A7D3-312BC11CB08A}.Debug|Mixed Platforms.Build.0 = Debug|Any CPU
		{DBF3A25F-E50B-40F9-A7D3-312BC11CB08A}.Debug|x86.ActiveCfg = Debug|Any CPU
		{DBF3A25F-E50B-40F9-A7D3-312BC11CB08A}.Release|Any CPU.ActiveCfg = Release|Any CPU
		{DBF3A25F-E50B-40F9-A7D3-312BC11CB08A}.Release|Mixed Platforms.ActiveCfg = Release|Any CPU
		{DBF3A25F-E50B-40F9-A7D3-312BC11CB08A}.Release|Mixed Platforms.Build.0 = Release|Any CPU
		{DBF3A25F-E50B-40F9-A7D3-312BC11CB08A}.Release|x86.ActiveCfg = Release|Any CPU
		{246DB066-8785-455D-8431-F43CE60D5CA1}.Debug|Any CPU.ActiveCfg = Debug|Any CPU
		{246DB066-8785-455D-8431-F43CE60D5CA1}.Debug|Mixed Platforms.ActiveCfg = Debug|Any CPU
		{246DB066-8785-455D-8431-F43CE60D5CA1}.Debug|Mixed Platforms.Build.0 = Debug|Any CPU
		{246DB066-8785-455D-8431-F43CE60D5CA1}.Debug|x86.ActiveCfg = Debug|Any CPU
		{246DB066-8785-455D-8431-F43CE60D5CA1}.Release|Any CPU.ActiveCfg = Release|Any CPU
		{246DB066-8785-455D-8431-F43CE60D5CA1}.Release|Mixed Platforms.ActiveCfg = Release|Any CPU
		{246DB066-8785-455D-8431-F43CE60D5CA1}.Release|Mixed Platforms.Build.0 = Release|Any CPU
		{246DB066-8785-455D-8431-F43CE60D5CA1}.Release|x86.ActiveCfg = Release|Any CPU
		{3A236F04-48E0-4FD9-AD24-641928DC2621}.Debug|Any CPU.ActiveCfg = Debug|Any CPU
		{3A236F04-48E0-4FD9-AD24-641928DC2621}.Debug|Mixed Platforms.ActiveCfg = Debug|Any CPU
		{3A236F04-48E0-4FD9-AD24-641928DC2621}.Debug|Mixed Platforms.Build.0 = Debug|Any CPU
		{3A236F04-48E0-4FD9-AD24-641928DC2621}.Debug|x86.ActiveCfg = Debug|Any CPU
		{3A236F04-48E0-4FD9-AD24-641928DC2621}.Release|Any CPU.ActiveCfg = Release|Any CPU
		{3A236F04-48E0-4FD9-AD24-641928DC2621}.Release|Mixed Platforms.ActiveCfg = Release|Any CPU
		{3A236F04-48E0-4FD9-AD24-641928DC2621}.Release|Mixed Platforms.Build.0 = Release|Any CPU
		{3A236F04-48E0-4FD9-AD24-641928DC2621}.Release|x86.ActiveCfg = Release|Any CPU
		{0B857806-380B-4290-94DB-80EE647CBEB2}.Debug|Any CPU.ActiveCfg = Debug|Any CPU
		{0B857806-380B-4290-94DB-80EE647CBEB2}.Debug|Mixed Platforms.ActiveCfg = Debug|Any CPU
		{0B857806-380B-4290-94DB-80EE647CBEB2}.Debug|Mixed Platforms.Build.0 = Debug|Any CPU
		{0B857806-380B-4290-94DB-80EE647CBEB2}.Debug|x86.ActiveCfg = Debug|Any CPU
		{0B857806-380B-4290-94DB-80EE647CBEB2}.Release|Any CPU.ActiveCfg = Release|Any CPU
		{0B857806-380B-4290-94DB-80EE647CBEB2}.Release|Mixed Platforms.ActiveCfg = Release|Any CPU
		{0B857806-380B-4290-94DB-80EE647CBEB2}.Release|Mixed Platforms.Build.0 = Release|Any CPU
		{0B857806-380B-4290-94DB-80EE647CBEB2}.Release|x86.ActiveCfg = Release|Any CPU
		{6BB2F741-F077-4D87-90C5-619AF11786FF}.Debug|Any CPU.ActiveCfg = Debug|Any CPU
		{6BB2F741-F077-4D87-90C5-619AF11786FF}.Debug|Mixed Platforms.ActiveCfg = Debug|Any CPU
		{6BB2F741-F077-4D87-90C5-619AF11786FF}.Debug|Mixed Platforms.Build.0 = Debug|Any CPU
		{6BB2F741-F077-4D87-90C5-619AF11786FF}.Debug|x86.ActiveCfg = Debug|Any CPU
		{6BB2F741-F077-4D87-90C5-619AF11786FF}.Release|Any CPU.ActiveCfg = Release|Any CPU
		{6BB2F741-F077-4D87-90C5-619AF11786FF}.Release|Mixed Platforms.ActiveCfg = Release|Any CPU
		{6BB2F741-F077-4D87-90C5-619AF11786FF}.Release|Mixed Platforms.Build.0 = Release|Any CPU
		{6BB2F741-F077-4D87-90C5-619AF11786FF}.Release|x86.ActiveCfg = Release|Any CPU
		{CCD77A3B-B127-4EA4-8653-E810CA8243B2}.Debug|Any CPU.ActiveCfg = Debug|Any CPU
		{CCD77A3B-B127-4EA4-8653-E810CA8243B2}.Debug|Mixed Platforms.ActiveCfg = Debug|Any CPU
		{CCD77A3B-B127-4EA4-8653-E810CA8243B2}.Debug|Mixed Platforms.Build.0 = Debug|Any CPU
		{CCD77A3B-B127-4EA4-8653-E810CA8243B2}.Debug|x86.ActiveCfg = Debug|Any CPU
		{CCD77A3B-B127-4EA4-8653-E810CA8243B2}.Release|Any CPU.ActiveCfg = Release|Any CPU
		{CCD77A3B-B127-4EA4-8653-E810CA8243B2}.Release|Mixed Platforms.ActiveCfg = Release|Any CPU
		{CCD77A3B-B127-4EA4-8653-E810CA8243B2}.Release|Mixed Platforms.Build.0 = Release|Any CPU
		{CCD77A3B-B127-4EA4-8653-E810CA8243B2}.Release|x86.ActiveCfg = Release|Any CPU
		{F8190EE1-FE56-4181-BE8B-2E5558A086CE}.Debug|Any CPU.ActiveCfg = Debug|Any CPU
		{F8190EE1-FE56-4181-BE8B-2E5558A086CE}.Debug|Mixed Platforms.ActiveCfg = Debug|Any CPU
		{F8190EE1-FE56-4181-BE8B-2E5558A086CE}.Debug|Mixed Platforms.Build.0 = Debug|Any CPU
		{F8190EE1-FE56-4181-BE8B-2E5558A086CE}.Debug|x86.ActiveCfg = Debug|Any CPU
		{F8190EE1-FE56-4181-BE8B-2E5558A086CE}.Release|Any CPU.ActiveCfg = Release|Any CPU
		{F8190EE1-FE56-4181-BE8B-2E5558A086CE}.Release|Mixed Platforms.ActiveCfg = Release|Any CPU
		{F8190EE1-FE56-4181-BE8B-2E5558A086CE}.Release|Mixed Platforms.Build.0 = Release|Any CPU
		{F8190EE1-FE56-4181-BE8B-2E5558A086CE}.Release|x86.ActiveCfg = Release|Any CPU
		{E6E5D9D5-A67A-4CFE-84EB-EFCCDB62F351}.Debug|Any CPU.ActiveCfg = Debug|Any CPU
		{E6E5D9D5-A67A-4CFE-84EB-EFCCDB62F351}.Debug|Any CPU.Build.0 = Debug|Any CPU
		{E6E5D9D5-A67A-4CFE-84EB-EFCCDB62F351}.Debug|Mixed Platforms.ActiveCfg = Debug|Any CPU
		{E6E5D9D5-A67A-4CFE-84EB-EFCCDB62F351}.Debug|Mixed Platforms.Build.0 = Debug|Any CPU
		{E6E5D9D5-A67A-4CFE-84EB-EFCCDB62F351}.Debug|x86.ActiveCfg = Debug|Any CPU
		{E6E5D9D5-A67A-4CFE-84EB-EFCCDB62F351}.Release|Any CPU.ActiveCfg = Release|Any CPU
		{E6E5D9D5-A67A-4CFE-84EB-EFCCDB62F351}.Release|Any CPU.Build.0 = Release|Any CPU
		{E6E5D9D5-A67A-4CFE-84EB-EFCCDB62F351}.Release|Mixed Platforms.ActiveCfg = Release|Any CPU
		{E6E5D9D5-A67A-4CFE-84EB-EFCCDB62F351}.Release|Mixed Platforms.Build.0 = Release|Any CPU
		{E6E5D9D5-A67A-4CFE-84EB-EFCCDB62F351}.Release|x86.ActiveCfg = Release|Any CPU
		{27A91FC0-0859-43A8-8A35-6B3C159889D9}.Debug|Any CPU.ActiveCfg = Debug|Any CPU
		{27A91FC0-0859-43A8-8A35-6B3C159889D9}.Debug|Any CPU.Build.0 = Debug|Any CPU
		{27A91FC0-0859-43A8-8A35-6B3C159889D9}.Debug|Mixed Platforms.ActiveCfg = Debug|Any CPU
		{27A91FC0-0859-43A8-8A35-6B3C159889D9}.Debug|Mixed Platforms.Build.0 = Debug|Any CPU
		{27A91FC0-0859-43A8-8A35-6B3C159889D9}.Debug|x86.ActiveCfg = Debug|Any CPU
		{27A91FC0-0859-43A8-8A35-6B3C159889D9}.Release|Any CPU.ActiveCfg = Release|Any CPU
		{27A91FC0-0859-43A8-8A35-6B3C159889D9}.Release|Any CPU.Build.0 = Release|Any CPU
		{27A91FC0-0859-43A8-8A35-6B3C159889D9}.Release|Mixed Platforms.ActiveCfg = Release|Any CPU
		{27A91FC0-0859-43A8-8A35-6B3C159889D9}.Release|Mixed Platforms.Build.0 = Release|Any CPU
		{27A91FC0-0859-43A8-8A35-6B3C159889D9}.Release|x86.ActiveCfg = Release|Any CPU
		{7D4D3AFA-4377-4B3A-8B6D-6E06CCA0C73E}.Debug|Any CPU.ActiveCfg = Debug|Any CPU
		{7D4D3AFA-4377-4B3A-8B6D-6E06CCA0C73E}.Debug|Any CPU.Build.0 = Debug|Any CPU
		{7D4D3AFA-4377-4B3A-8B6D-6E06CCA0C73E}.Debug|Mixed Platforms.ActiveCfg = Debug|Any CPU
		{7D4D3AFA-4377-4B3A-8B6D-6E06CCA0C73E}.Debug|Mixed Platforms.Build.0 = Debug|Any CPU
		{7D4D3AFA-4377-4B3A-8B6D-6E06CCA0C73E}.Debug|x86.ActiveCfg = Debug|Any CPU
		{7D4D3AFA-4377-4B3A-8B6D-6E06CCA0C73E}.Release|Any CPU.ActiveCfg = Release|Any CPU
		{7D4D3AFA-4377-4B3A-8B6D-6E06CCA0C73E}.Release|Any CPU.Build.0 = Release|Any CPU
		{7D4D3AFA-4377-4B3A-8B6D-6E06CCA0C73E}.Release|Mixed Platforms.ActiveCfg = Release|Any CPU
		{7D4D3AFA-4377-4B3A-8B6D-6E06CCA0C73E}.Release|Mixed Platforms.Build.0 = Release|Any CPU
		{7D4D3AFA-4377-4B3A-8B6D-6E06CCA0C73E}.Release|x86.ActiveCfg = Release|Any CPU
		{BBBA21FA-21D8-4A73-B392-43D85D3BF076}.Debug|Any CPU.ActiveCfg = Debug|Any CPU
		{BBBA21FA-21D8-4A73-B392-43D85D3BF076}.Debug|Any CPU.Build.0 = Debug|Any CPU
		{BBBA21FA-21D8-4A73-B392-43D85D3BF076}.Debug|Mixed Platforms.ActiveCfg = Debug|Any CPU
		{BBBA21FA-21D8-4A73-B392-43D85D3BF076}.Debug|Mixed Platforms.Build.0 = Debug|Any CPU
		{BBBA21FA-21D8-4A73-B392-43D85D3BF076}.Debug|x86.ActiveCfg = Debug|Any CPU
		{BBBA21FA-21D8-4A73-B392-43D85D3BF076}.Release|Any CPU.ActiveCfg = Release|Any CPU
		{BBBA21FA-21D8-4A73-B392-43D85D3BF076}.Release|Any CPU.Build.0 = Release|Any CPU
		{BBBA21FA-21D8-4A73-B392-43D85D3BF076}.Release|Mixed Platforms.ActiveCfg = Release|Any CPU
		{BBBA21FA-21D8-4A73-B392-43D85D3BF076}.Release|Mixed Platforms.Build.0 = Release|Any CPU
		{BBBA21FA-21D8-4A73-B392-43D85D3BF076}.Release|x86.ActiveCfg = Release|Any CPU
		{47A7B1DB-9947-4508-912C-E84EEB9E6D1E}.Debug|Any CPU.ActiveCfg = Debug|Any CPU
		{47A7B1DB-9947-4508-912C-E84EEB9E6D1E}.Debug|Any CPU.Build.0 = Debug|Any CPU
		{47A7B1DB-9947-4508-912C-E84EEB9E6D1E}.Debug|Mixed Platforms.ActiveCfg = Debug|Any CPU
		{47A7B1DB-9947-4508-912C-E84EEB9E6D1E}.Debug|Mixed Platforms.Build.0 = Debug|Any CPU
		{47A7B1DB-9947-4508-912C-E84EEB9E6D1E}.Debug|x86.ActiveCfg = Debug|Any CPU
		{47A7B1DB-9947-4508-912C-E84EEB9E6D1E}.Release|Any CPU.ActiveCfg = Release|Any CPU
		{47A7B1DB-9947-4508-912C-E84EEB9E6D1E}.Release|Any CPU.Build.0 = Release|Any CPU
		{47A7B1DB-9947-4508-912C-E84EEB9E6D1E}.Release|Mixed Platforms.ActiveCfg = Release|Any CPU
		{47A7B1DB-9947-4508-912C-E84EEB9E6D1E}.Release|Mixed Platforms.Build.0 = Release|Any CPU
		{47A7B1DB-9947-4508-912C-E84EEB9E6D1E}.Release|x86.ActiveCfg = Release|Any CPU
		{5301E9F1-4D8F-40AA-ADBA-1C209984CD5B}.Debug|Any CPU.ActiveCfg = Debug|Any CPU
		{5301E9F1-4D8F-40AA-ADBA-1C209984CD5B}.Debug|Any CPU.Build.0 = Debug|Any CPU
		{5301E9F1-4D8F-40AA-ADBA-1C209984CD5B}.Debug|Mixed Platforms.ActiveCfg = Debug|Any CPU
		{5301E9F1-4D8F-40AA-ADBA-1C209984CD5B}.Debug|Mixed Platforms.Build.0 = Debug|Any CPU
		{5301E9F1-4D8F-40AA-ADBA-1C209984CD5B}.Debug|x86.ActiveCfg = Debug|Any CPU
		{5301E9F1-4D8F-40AA-ADBA-1C209984CD5B}.Release|Any CPU.ActiveCfg = Release|Any CPU
		{5301E9F1-4D8F-40AA-ADBA-1C209984CD5B}.Release|Any CPU.Build.0 = Release|Any CPU
		{5301E9F1-4D8F-40AA-ADBA-1C209984CD5B}.Release|Mixed Platforms.ActiveCfg = Release|Any CPU
		{5301E9F1-4D8F-40AA-ADBA-1C209984CD5B}.Release|Mixed Platforms.Build.0 = Release|Any CPU
		{5301E9F1-4D8F-40AA-ADBA-1C209984CD5B}.Release|x86.ActiveCfg = Release|Any CPU
		{3E707D1C-C9E9-4236-BC79-3199128EC3C5}.Debug|Any CPU.ActiveCfg = Debug|Any CPU
		{3E707D1C-C9E9-4236-BC79-3199128EC3C5}.Debug|Any CPU.Build.0 = Debug|Any CPU
		{3E707D1C-C9E9-4236-BC79-3199128EC3C5}.Debug|Mixed Platforms.ActiveCfg = Debug|Any CPU
		{3E707D1C-C9E9-4236-BC79-3199128EC3C5}.Debug|Mixed Platforms.Build.0 = Debug|Any CPU
		{3E707D1C-C9E9-4236-BC79-3199128EC3C5}.Debug|x86.ActiveCfg = Debug|Any CPU
		{3E707D1C-C9E9-4236-BC79-3199128EC3C5}.Release|Any CPU.ActiveCfg = Release|Any CPU
		{3E707D1C-C9E9-4236-BC79-3199128EC3C5}.Release|Any CPU.Build.0 = Release|Any CPU
		{3E707D1C-C9E9-4236-BC79-3199128EC3C5}.Release|Mixed Platforms.ActiveCfg = Release|Any CPU
		{3E707D1C-C9E9-4236-BC79-3199128EC3C5}.Release|Mixed Platforms.Build.0 = Release|Any CPU
		{3E707D1C-C9E9-4236-BC79-3199128EC3C5}.Release|x86.ActiveCfg = Release|Any CPU
		{3F2AFCD6-F1E0-4DE0-AD67-1087FBF90FE4}.Debug|Any CPU.ActiveCfg = Debug|Any CPU
		{3F2AFCD6-F1E0-4DE0-AD67-1087FBF90FE4}.Debug|Any CPU.Build.0 = Debug|Any CPU
		{3F2AFCD6-F1E0-4DE0-AD67-1087FBF90FE4}.Debug|Mixed Platforms.ActiveCfg = Debug|Any CPU
		{3F2AFCD6-F1E0-4DE0-AD67-1087FBF90FE4}.Debug|Mixed Platforms.Build.0 = Debug|Any CPU
		{3F2AFCD6-F1E0-4DE0-AD67-1087FBF90FE4}.Debug|x86.ActiveCfg = Debug|Any CPU
		{3F2AFCD6-F1E0-4DE0-AD67-1087FBF90FE4}.Release|Any CPU.ActiveCfg = Release|Any CPU
		{3F2AFCD6-F1E0-4DE0-AD67-1087FBF90FE4}.Release|Any CPU.Build.0 = Release|Any CPU
		{3F2AFCD6-F1E0-4DE0-AD67-1087FBF90FE4}.Release|Mixed Platforms.ActiveCfg = Release|Any CPU
		{3F2AFCD6-F1E0-4DE0-AD67-1087FBF90FE4}.Release|Mixed Platforms.Build.0 = Release|Any CPU
		{3F2AFCD6-F1E0-4DE0-AD67-1087FBF90FE4}.Release|x86.ActiveCfg = Release|Any CPU
		{37AF0456-F7F6-4E41-9C4C-ADC14D5802FD}.Debug|Any CPU.ActiveCfg = Debug|Any CPU
		{37AF0456-F7F6-4E41-9C4C-ADC14D5802FD}.Debug|Any CPU.Build.0 = Debug|Any CPU
		{37AF0456-F7F6-4E41-9C4C-ADC14D5802FD}.Debug|Mixed Platforms.ActiveCfg = Debug|Any CPU
		{37AF0456-F7F6-4E41-9C4C-ADC14D5802FD}.Debug|Mixed Platforms.Build.0 = Debug|Any CPU
		{37AF0456-F7F6-4E41-9C4C-ADC14D5802FD}.Debug|x86.ActiveCfg = Debug|Any CPU
		{37AF0456-F7F6-4E41-9C4C-ADC14D5802FD}.Release|Any CPU.ActiveCfg = Release|Any CPU
		{37AF0456-F7F6-4E41-9C4C-ADC14D5802FD}.Release|Any CPU.Build.0 = Release|Any CPU
		{37AF0456-F7F6-4E41-9C4C-ADC14D5802FD}.Release|Mixed Platforms.ActiveCfg = Release|Any CPU
		{37AF0456-F7F6-4E41-9C4C-ADC14D5802FD}.Release|Mixed Platforms.Build.0 = Release|Any CPU
		{37AF0456-F7F6-4E41-9C4C-ADC14D5802FD}.Release|x86.ActiveCfg = Release|Any CPU
		{42022F14-ACC9-44BD-B5AF-E2F6ABCFE9A4}.Debug|Any CPU.ActiveCfg = Debug|Any CPU
		{42022F14-ACC9-44BD-B5AF-E2F6ABCFE9A4}.Debug|Any CPU.Build.0 = Debug|Any CPU
		{42022F14-ACC9-44BD-B5AF-E2F6ABCFE9A4}.Debug|Mixed Platforms.ActiveCfg = Debug|Any CPU
		{42022F14-ACC9-44BD-B5AF-E2F6ABCFE9A4}.Debug|Mixed Platforms.Build.0 = Debug|Any CPU
		{42022F14-ACC9-44BD-B5AF-E2F6ABCFE9A4}.Debug|x86.ActiveCfg = Debug|Any CPU
		{42022F14-ACC9-44BD-B5AF-E2F6ABCFE9A4}.Release|Any CPU.ActiveCfg = Release|Any CPU
		{42022F14-ACC9-44BD-B5AF-E2F6ABCFE9A4}.Release|Any CPU.Build.0 = Release|Any CPU
		{42022F14-ACC9-44BD-B5AF-E2F6ABCFE9A4}.Release|Mixed Platforms.ActiveCfg = Release|Any CPU
		{42022F14-ACC9-44BD-B5AF-E2F6ABCFE9A4}.Release|Mixed Platforms.Build.0 = Release|Any CPU
		{42022F14-ACC9-44BD-B5AF-E2F6ABCFE9A4}.Release|x86.ActiveCfg = Release|Any CPU
		{98E7E9D3-1D26-46E2-AD72-3B70DCF2BC54}.Debug|Any CPU.ActiveCfg = Debug|Any CPU
		{98E7E9D3-1D26-46E2-AD72-3B70DCF2BC54}.Debug|Any CPU.Build.0 = Debug|Any CPU
		{98E7E9D3-1D26-46E2-AD72-3B70DCF2BC54}.Debug|Mixed Platforms.ActiveCfg = Debug|Any CPU
		{98E7E9D3-1D26-46E2-AD72-3B70DCF2BC54}.Debug|Mixed Platforms.Build.0 = Debug|Any CPU
		{98E7E9D3-1D26-46E2-AD72-3B70DCF2BC54}.Debug|x86.ActiveCfg = Debug|Any CPU
		{98E7E9D3-1D26-46E2-AD72-3B70DCF2BC54}.Release|Any CPU.ActiveCfg = Release|Any CPU
		{98E7E9D3-1D26-46E2-AD72-3B70DCF2BC54}.Release|Any CPU.Build.0 = Release|Any CPU
		{98E7E9D3-1D26-46E2-AD72-3B70DCF2BC54}.Release|Mixed Platforms.ActiveCfg = Release|Any CPU
		{98E7E9D3-1D26-46E2-AD72-3B70DCF2BC54}.Release|Mixed Platforms.Build.0 = Release|Any CPU
		{98E7E9D3-1D26-46E2-AD72-3B70DCF2BC54}.Release|x86.ActiveCfg = Release|Any CPU
		{E579A0E8-350D-48FE-B852-C5ABB2FCDF35}.Debug|Any CPU.ActiveCfg = Debug|Any CPU
		{E579A0E8-350D-48FE-B852-C5ABB2FCDF35}.Debug|Any CPU.Build.0 = Debug|Any CPU
		{E579A0E8-350D-48FE-B852-C5ABB2FCDF35}.Debug|Mixed Platforms.ActiveCfg = Debug|Any CPU
		{E579A0E8-350D-48FE-B852-C5ABB2FCDF35}.Debug|Mixed Platforms.Build.0 = Debug|Any CPU
		{E579A0E8-350D-48FE-B852-C5ABB2FCDF35}.Debug|x86.ActiveCfg = Debug|Any CPU
		{E579A0E8-350D-48FE-B852-C5ABB2FCDF35}.Release|Any CPU.ActiveCfg = Release|Any CPU
		{E579A0E8-350D-48FE-B852-C5ABB2FCDF35}.Release|Any CPU.Build.0 = Release|Any CPU
		{E579A0E8-350D-48FE-B852-C5ABB2FCDF35}.Release|Mixed Platforms.ActiveCfg = Release|Any CPU
		{E579A0E8-350D-48FE-B852-C5ABB2FCDF35}.Release|Mixed Platforms.Build.0 = Release|Any CPU
		{E579A0E8-350D-48FE-B852-C5ABB2FCDF35}.Release|x86.ActiveCfg = Release|Any CPU
		{29C20DFB-7DAB-451D-AD8C-F5E6CEDBF400}.Debug|Any CPU.ActiveCfg = Debug|Any CPU
		{29C20DFB-7DAB-451D-AD8C-F5E6CEDBF400}.Debug|Any CPU.Build.0 = Debug|Any CPU
		{29C20DFB-7DAB-451D-AD8C-F5E6CEDBF400}.Debug|Mixed Platforms.ActiveCfg = Debug|Any CPU
		{29C20DFB-7DAB-451D-AD8C-F5E6CEDBF400}.Debug|Mixed Platforms.Build.0 = Debug|Any CPU
		{29C20DFB-7DAB-451D-AD8C-F5E6CEDBF400}.Debug|x86.ActiveCfg = Debug|Any CPU
		{29C20DFB-7DAB-451D-AD8C-F5E6CEDBF400}.Release|Any CPU.ActiveCfg = Release|Any CPU
		{29C20DFB-7DAB-451D-AD8C-F5E6CEDBF400}.Release|Any CPU.Build.0 = Release|Any CPU
		{29C20DFB-7DAB-451D-AD8C-F5E6CEDBF400}.Release|Mixed Platforms.ActiveCfg = Release|Any CPU
		{29C20DFB-7DAB-451D-AD8C-F5E6CEDBF400}.Release|Mixed Platforms.Build.0 = Release|Any CPU
		{29C20DFB-7DAB-451D-AD8C-F5E6CEDBF400}.Release|x86.ActiveCfg = Release|Any CPU
		{53F1CB03-DD58-4A63-B308-B099A47E9E86}.Debug|Any CPU.ActiveCfg = Debug|Any CPU
		{53F1CB03-DD58-4A63-B308-B099A47E9E86}.Debug|Any CPU.Build.0 = Debug|Any CPU
		{53F1CB03-DD58-4A63-B308-B099A47E9E86}.Debug|Mixed Platforms.ActiveCfg = Debug|Any CPU
		{53F1CB03-DD58-4A63-B308-B099A47E9E86}.Debug|Mixed Platforms.Build.0 = Debug|Any CPU
		{53F1CB03-DD58-4A63-B308-B099A47E9E86}.Debug|x86.ActiveCfg = Debug|Any CPU
		{53F1CB03-DD58-4A63-B308-B099A47E9E86}.Release|Any CPU.ActiveCfg = Release|Any CPU
		{53F1CB03-DD58-4A63-B308-B099A47E9E86}.Release|Any CPU.Build.0 = Release|Any CPU
		{53F1CB03-DD58-4A63-B308-B099A47E9E86}.Release|Mixed Platforms.ActiveCfg = Release|Any CPU
		{53F1CB03-DD58-4A63-B308-B099A47E9E86}.Release|Mixed Platforms.Build.0 = Release|Any CPU
		{53F1CB03-DD58-4A63-B308-B099A47E9E86}.Release|x86.ActiveCfg = Release|Any CPU
		{DF378B58-7FC8-4B66-9AE3-7A8EFDAE04B6}.Debug|Any CPU.ActiveCfg = Debug|Any CPU
		{DF378B58-7FC8-4B66-9AE3-7A8EFDAE04B6}.Debug|Any CPU.Build.0 = Debug|Any CPU
		{DF378B58-7FC8-4B66-9AE3-7A8EFDAE04B6}.Debug|Mixed Platforms.ActiveCfg = Debug|Any CPU
		{DF378B58-7FC8-4B66-9AE3-7A8EFDAE04B6}.Debug|Mixed Platforms.Build.0 = Debug|Any CPU
		{DF378B58-7FC8-4B66-9AE3-7A8EFDAE04B6}.Debug|x86.ActiveCfg = Debug|Any CPU
		{DF378B58-7FC8-4B66-9AE3-7A8EFDAE04B6}.Release|Any CPU.ActiveCfg = Release|Any CPU
		{DF378B58-7FC8-4B66-9AE3-7A8EFDAE04B6}.Release|Any CPU.Build.0 = Release|Any CPU
		{DF378B58-7FC8-4B66-9AE3-7A8EFDAE04B6}.Release|Mixed Platforms.ActiveCfg = Release|Any CPU
		{DF378B58-7FC8-4B66-9AE3-7A8EFDAE04B6}.Release|Mixed Platforms.Build.0 = Release|Any CPU
		{DF378B58-7FC8-4B66-9AE3-7A8EFDAE04B6}.Release|x86.ActiveCfg = Release|Any CPU
		{3FF36C8E-49D2-4BBC-BF08-94AC1560F0D5}.Debug|Any CPU.ActiveCfg = Debug|Any CPU
		{3FF36C8E-49D2-4BBC-BF08-94AC1560F0D5}.Debug|Any CPU.Build.0 = Debug|Any CPU
		{3FF36C8E-49D2-4BBC-BF08-94AC1560F0D5}.Debug|Mixed Platforms.ActiveCfg = Debug|Any CPU
		{3FF36C8E-49D2-4BBC-BF08-94AC1560F0D5}.Debug|Mixed Platforms.Build.0 = Debug|Any CPU
		{3FF36C8E-49D2-4BBC-BF08-94AC1560F0D5}.Debug|x86.ActiveCfg = Debug|Any CPU
		{3FF36C8E-49D2-4BBC-BF08-94AC1560F0D5}.Release|Any CPU.ActiveCfg = Release|Any CPU
		{3FF36C8E-49D2-4BBC-BF08-94AC1560F0D5}.Release|Any CPU.Build.0 = Release|Any CPU
		{3FF36C8E-49D2-4BBC-BF08-94AC1560F0D5}.Release|Mixed Platforms.ActiveCfg = Release|Any CPU
		{3FF36C8E-49D2-4BBC-BF08-94AC1560F0D5}.Release|Mixed Platforms.Build.0 = Release|Any CPU
		{3FF36C8E-49D2-4BBC-BF08-94AC1560F0D5}.Release|x86.ActiveCfg = Release|Any CPU
		{B70BAE66-3932-44F4-A411-C7EA6F1342AD}.Debug|Any CPU.ActiveCfg = Debug|Any CPU
		{B70BAE66-3932-44F4-A411-C7EA6F1342AD}.Debug|Any CPU.Build.0 = Debug|Any CPU
		{B70BAE66-3932-44F4-A411-C7EA6F1342AD}.Debug|Mixed Platforms.ActiveCfg = Debug|Any CPU
		{B70BAE66-3932-44F4-A411-C7EA6F1342AD}.Debug|Mixed Platforms.Build.0 = Debug|Any CPU
		{B70BAE66-3932-44F4-A411-C7EA6F1342AD}.Debug|x86.ActiveCfg = Debug|Any CPU
		{B70BAE66-3932-44F4-A411-C7EA6F1342AD}.Release|Any CPU.ActiveCfg = Release|Any CPU
		{B70BAE66-3932-44F4-A411-C7EA6F1342AD}.Release|Any CPU.Build.0 = Release|Any CPU
		{B70BAE66-3932-44F4-A411-C7EA6F1342AD}.Release|Mixed Platforms.ActiveCfg = Release|Any CPU
		{B70BAE66-3932-44F4-A411-C7EA6F1342AD}.Release|Mixed Platforms.Build.0 = Release|Any CPU
		{B70BAE66-3932-44F4-A411-C7EA6F1342AD}.Release|x86.ActiveCfg = Release|Any CPU
		{64F4D426-C8EB-4A90-908C-2BB45BE6C136}.Debug|Any CPU.ActiveCfg = Debug|Any CPU
		{64F4D426-C8EB-4A90-908C-2BB45BE6C136}.Debug|Any CPU.Build.0 = Debug|Any CPU
		{64F4D426-C8EB-4A90-908C-2BB45BE6C136}.Debug|Mixed Platforms.ActiveCfg = Debug|Any CPU
		{64F4D426-C8EB-4A90-908C-2BB45BE6C136}.Debug|Mixed Platforms.Build.0 = Debug|Any CPU
		{64F4D426-C8EB-4A90-908C-2BB45BE6C136}.Debug|x86.ActiveCfg = Debug|Any CPU
		{64F4D426-C8EB-4A90-908C-2BB45BE6C136}.Release|Any CPU.ActiveCfg = Release|Any CPU
		{64F4D426-C8EB-4A90-908C-2BB45BE6C136}.Release|Any CPU.Build.0 = Release|Any CPU
		{64F4D426-C8EB-4A90-908C-2BB45BE6C136}.Release|Mixed Platforms.ActiveCfg = Release|Any CPU
		{64F4D426-C8EB-4A90-908C-2BB45BE6C136}.Release|Mixed Platforms.Build.0 = Release|Any CPU
		{64F4D426-C8EB-4A90-908C-2BB45BE6C136}.Release|x86.ActiveCfg = Release|Any CPU
		{96963754-902F-4F02-AB66-D06A0D2E3242}.Debug|Any CPU.ActiveCfg = Debug|Any CPU
		{96963754-902F-4F02-AB66-D06A0D2E3242}.Debug|Any CPU.Build.0 = Debug|Any CPU
		{96963754-902F-4F02-AB66-D06A0D2E3242}.Debug|Mixed Platforms.ActiveCfg = Debug|Any CPU
		{96963754-902F-4F02-AB66-D06A0D2E3242}.Debug|Mixed Platforms.Build.0 = Debug|Any CPU
		{96963754-902F-4F02-AB66-D06A0D2E3242}.Debug|x86.ActiveCfg = Debug|Any CPU
		{96963754-902F-4F02-AB66-D06A0D2E3242}.Release|Any CPU.ActiveCfg = Release|Any CPU
		{96963754-902F-4F02-AB66-D06A0D2E3242}.Release|Any CPU.Build.0 = Release|Any CPU
		{96963754-902F-4F02-AB66-D06A0D2E3242}.Release|Mixed Platforms.ActiveCfg = Release|Any CPU
		{96963754-902F-4F02-AB66-D06A0D2E3242}.Release|Mixed Platforms.Build.0 = Release|Any CPU
		{96963754-902F-4F02-AB66-D06A0D2E3242}.Release|x86.ActiveCfg = Release|Any CPU
		{E2E39EA8-8B98-4DF9-9F7B-EEA0B9AAEF70}.Debug|Any CPU.ActiveCfg = Debug|Any CPU
		{E2E39EA8-8B98-4DF9-9F7B-EEA0B9AAEF70}.Debug|Any CPU.Build.0 = Debug|Any CPU
		{E2E39EA8-8B98-4DF9-9F7B-EEA0B9AAEF70}.Debug|Mixed Platforms.ActiveCfg = Debug|Any CPU
		{E2E39EA8-8B98-4DF9-9F7B-EEA0B9AAEF70}.Debug|Mixed Platforms.Build.0 = Debug|Any CPU
		{E2E39EA8-8B98-4DF9-9F7B-EEA0B9AAEF70}.Debug|x86.ActiveCfg = Debug|Any CPU
		{E2E39EA8-8B98-4DF9-9F7B-EEA0B9AAEF70}.Release|Any CPU.ActiveCfg = Release|Any CPU
		{E2E39EA8-8B98-4DF9-9F7B-EEA0B9AAEF70}.Release|Any CPU.Build.0 = Release|Any CPU
		{E2E39EA8-8B98-4DF9-9F7B-EEA0B9AAEF70}.Release|Mixed Platforms.ActiveCfg = Release|Any CPU
		{E2E39EA8-8B98-4DF9-9F7B-EEA0B9AAEF70}.Release|Mixed Platforms.Build.0 = Release|Any CPU
		{E2E39EA8-8B98-4DF9-9F7B-EEA0B9AAEF70}.Release|x86.ActiveCfg = Release|Any CPU
		{D8453C80-9800-4B83-8BEC-8D0EA7094E28}.Debug|Any CPU.ActiveCfg = Debug|Any CPU
		{D8453C80-9800-4B83-8BEC-8D0EA7094E28}.Debug|Any CPU.Build.0 = Debug|Any CPU
		{D8453C80-9800-4B83-8BEC-8D0EA7094E28}.Debug|Mixed Platforms.ActiveCfg = Debug|Any CPU
		{D8453C80-9800-4B83-8BEC-8D0EA7094E28}.Debug|Mixed Platforms.Build.0 = Debug|Any CPU
		{D8453C80-9800-4B83-8BEC-8D0EA7094E28}.Debug|x86.ActiveCfg = Debug|Any CPU
		{D8453C80-9800-4B83-8BEC-8D0EA7094E28}.Release|Any CPU.ActiveCfg = Release|Any CPU
		{D8453C80-9800-4B83-8BEC-8D0EA7094E28}.Release|Any CPU.Build.0 = Release|Any CPU
		{D8453C80-9800-4B83-8BEC-8D0EA7094E28}.Release|Mixed Platforms.ActiveCfg = Release|Any CPU
		{D8453C80-9800-4B83-8BEC-8D0EA7094E28}.Release|Mixed Platforms.Build.0 = Release|Any CPU
		{D8453C80-9800-4B83-8BEC-8D0EA7094E28}.Release|x86.ActiveCfg = Release|Any CPU
		{5174EC6A-8472-4028-A720-CAD8C5AAFA80}.Debug|Any CPU.ActiveCfg = Debug|Any CPU
		{5174EC6A-8472-4028-A720-CAD8C5AAFA80}.Debug|Any CPU.Build.0 = Debug|Any CPU
		{5174EC6A-8472-4028-A720-CAD8C5AAFA80}.Debug|Mixed Platforms.ActiveCfg = Debug|Any CPU
		{5174EC6A-8472-4028-A720-CAD8C5AAFA80}.Debug|Mixed Platforms.Build.0 = Debug|Any CPU
		{5174EC6A-8472-4028-A720-CAD8C5AAFA80}.Debug|x86.ActiveCfg = Debug|Any CPU
		{5174EC6A-8472-4028-A720-CAD8C5AAFA80}.Release|Any CPU.ActiveCfg = Release|Any CPU
		{5174EC6A-8472-4028-A720-CAD8C5AAFA80}.Release|Any CPU.Build.0 = Release|Any CPU
		{5174EC6A-8472-4028-A720-CAD8C5AAFA80}.Release|Mixed Platforms.ActiveCfg = Release|Any CPU
		{5174EC6A-8472-4028-A720-CAD8C5AAFA80}.Release|Mixed Platforms.Build.0 = Release|Any CPU
		{5174EC6A-8472-4028-A720-CAD8C5AAFA80}.Release|x86.ActiveCfg = Release|Any CPU
		{A7A82C39-B106-4ADA-8E3C-8A9377252F1E}.Debug|Any CPU.ActiveCfg = Debug|Any CPU
		{A7A82C39-B106-4ADA-8E3C-8A9377252F1E}.Debug|Any CPU.Build.0 = Debug|Any CPU
		{A7A82C39-B106-4ADA-8E3C-8A9377252F1E}.Debug|Mixed Platforms.ActiveCfg = Debug|Any CPU
		{A7A82C39-B106-4ADA-8E3C-8A9377252F1E}.Debug|Mixed Platforms.Build.0 = Debug|Any CPU
		{A7A82C39-B106-4ADA-8E3C-8A9377252F1E}.Debug|x86.ActiveCfg = Debug|Any CPU
		{A7A82C39-B106-4ADA-8E3C-8A9377252F1E}.Release|Any CPU.ActiveCfg = Release|Any CPU
		{A7A82C39-B106-4ADA-8E3C-8A9377252F1E}.Release|Any CPU.Build.0 = Release|Any CPU
		{A7A82C39-B106-4ADA-8E3C-8A9377252F1E}.Release|Mixed Platforms.ActiveCfg = Release|Any CPU
		{A7A82C39-B106-4ADA-8E3C-8A9377252F1E}.Release|Mixed Platforms.Build.0 = Release|Any CPU
		{A7A82C39-B106-4ADA-8E3C-8A9377252F1E}.Release|x86.ActiveCfg = Release|Any CPU
		{705354D6-56D9-4549-A904-1BF629BC1CF8}.Debug|Any CPU.ActiveCfg = Debug|Any CPU
		{705354D6-56D9-4549-A904-1BF629BC1CF8}.Debug|Any CPU.Build.0 = Debug|Any CPU
		{705354D6-56D9-4549-A904-1BF629BC1CF8}.Debug|Mixed Platforms.ActiveCfg = Debug|Any CPU
		{705354D6-56D9-4549-A904-1BF629BC1CF8}.Debug|Mixed Platforms.Build.0 = Debug|Any CPU
		{705354D6-56D9-4549-A904-1BF629BC1CF8}.Debug|x86.ActiveCfg = Debug|Any CPU
		{705354D6-56D9-4549-A904-1BF629BC1CF8}.Release|Any CPU.ActiveCfg = Release|Any CPU
		{705354D6-56D9-4549-A904-1BF629BC1CF8}.Release|Any CPU.Build.0 = Release|Any CPU
		{705354D6-56D9-4549-A904-1BF629BC1CF8}.Release|Mixed Platforms.ActiveCfg = Release|Any CPU
		{705354D6-56D9-4549-A904-1BF629BC1CF8}.Release|Mixed Platforms.Build.0 = Release|Any CPU
		{705354D6-56D9-4549-A904-1BF629BC1CF8}.Release|x86.ActiveCfg = Release|Any CPU
		{64087A00-4D6A-454B-B31B-43A512831F3F}.Debug|Any CPU.ActiveCfg = Debug|x86
		{64087A00-4D6A-454B-B31B-43A512831F3F}.Debug|Mixed Platforms.ActiveCfg = Debug|x86
		{64087A00-4D6A-454B-B31B-43A512831F3F}.Debug|Mixed Platforms.Build.0 = Debug|x86
		{64087A00-4D6A-454B-B31B-43A512831F3F}.Debug|x86.ActiveCfg = Debug|x86
		{64087A00-4D6A-454B-B31B-43A512831F3F}.Debug|x86.Build.0 = Debug|x86
		{64087A00-4D6A-454B-B31B-43A512831F3F}.Release|Any CPU.ActiveCfg = Release|x86
		{64087A00-4D6A-454B-B31B-43A512831F3F}.Release|Mixed Platforms.ActiveCfg = Release|x86
		{64087A00-4D6A-454B-B31B-43A512831F3F}.Release|Mixed Platforms.Build.0 = Release|x86
		{64087A00-4D6A-454B-B31B-43A512831F3F}.Release|x86.ActiveCfg = Release|x86
		{64087A00-4D6A-454B-B31B-43A512831F3F}.Release|x86.Build.0 = Release|x86
		{1209794D-A004-4D5F-A169-80F1B709CE54}.Debug|Any CPU.ActiveCfg = Debug|x86
		{1209794D-A004-4D5F-A169-80F1B709CE54}.Debug|Mixed Platforms.ActiveCfg = Debug|x86
		{1209794D-A004-4D5F-A169-80F1B709CE54}.Debug|Mixed Platforms.Build.0 = Debug|x86
		{1209794D-A004-4D5F-A169-80F1B709CE54}.Debug|x86.ActiveCfg = Debug|x86
		{1209794D-A004-4D5F-A169-80F1B709CE54}.Debug|x86.Build.0 = Debug|x86
		{1209794D-A004-4D5F-A169-80F1B709CE54}.Release|Any CPU.ActiveCfg = Release|x86
		{1209794D-A004-4D5F-A169-80F1B709CE54}.Release|Mixed Platforms.ActiveCfg = Release|x86
		{1209794D-A004-4D5F-A169-80F1B709CE54}.Release|Mixed Platforms.Build.0 = Release|x86
		{1209794D-A004-4D5F-A169-80F1B709CE54}.Release|x86.ActiveCfg = Release|x86
		{1209794D-A004-4D5F-A169-80F1B709CE54}.Release|x86.Build.0 = Release|x86
		{E95E1D0E-F4F8-4197-8C99-0A9868685E7D}.Debug|Any CPU.ActiveCfg = Debug|Any CPU
		{E95E1D0E-F4F8-4197-8C99-0A9868685E7D}.Debug|Any CPU.Build.0 = Debug|Any CPU
		{E95E1D0E-F4F8-4197-8C99-0A9868685E7D}.Debug|Mixed Platforms.ActiveCfg = Debug|Any CPU
		{E95E1D0E-F4F8-4197-8C99-0A9868685E7D}.Debug|Mixed Platforms.Build.0 = Debug|Any CPU
		{E95E1D0E-F4F8-4197-8C99-0A9868685E7D}.Debug|x86.ActiveCfg = Debug|Any CPU
		{E95E1D0E-F4F8-4197-8C99-0A9868685E7D}.Release|Any CPU.ActiveCfg = Release|Any CPU
		{E95E1D0E-F4F8-4197-8C99-0A9868685E7D}.Release|Any CPU.Build.0 = Release|Any CPU
		{E95E1D0E-F4F8-4197-8C99-0A9868685E7D}.Release|Mixed Platforms.ActiveCfg = Release|Any CPU
		{E95E1D0E-F4F8-4197-8C99-0A9868685E7D}.Release|Mixed Platforms.Build.0 = Release|Any CPU
		{E95E1D0E-F4F8-4197-8C99-0A9868685E7D}.Release|x86.ActiveCfg = Release|Any CPU
		{27E41472-2814-4D20-84C8-858CEFB0C5BC}.Debug|Any CPU.ActiveCfg = Debug|Any CPU
		{27E41472-2814-4D20-84C8-858CEFB0C5BC}.Debug|Any CPU.Build.0 = Debug|Any CPU
		{27E41472-2814-4D20-84C8-858CEFB0C5BC}.Debug|Mixed Platforms.ActiveCfg = Debug|Any CPU
		{27E41472-2814-4D20-84C8-858CEFB0C5BC}.Debug|Mixed Platforms.Build.0 = Debug|Any CPU
		{27E41472-2814-4D20-84C8-858CEFB0C5BC}.Debug|x86.ActiveCfg = Debug|Any CPU
		{27E41472-2814-4D20-84C8-858CEFB0C5BC}.Release|Any CPU.ActiveCfg = Release|Any CPU
		{27E41472-2814-4D20-84C8-858CEFB0C5BC}.Release|Any CPU.Build.0 = Release|Any CPU
		{27E41472-2814-4D20-84C8-858CEFB0C5BC}.Release|Mixed Platforms.ActiveCfg = Release|Any CPU
		{27E41472-2814-4D20-84C8-858CEFB0C5BC}.Release|Mixed Platforms.Build.0 = Release|Any CPU
		{27E41472-2814-4D20-84C8-858CEFB0C5BC}.Release|x86.ActiveCfg = Release|Any CPU
		{BF31D5CA-D3C8-478B-B0CF-9F186DA133EF}.Debug|Any CPU.ActiveCfg = Debug|Any CPU
		{BF31D5CA-D3C8-478B-B0CF-9F186DA133EF}.Debug|Any CPU.Build.0 = Debug|Any CPU
		{BF31D5CA-D3C8-478B-B0CF-9F186DA133EF}.Debug|Mixed Platforms.ActiveCfg = Debug|Any CPU
		{BF31D5CA-D3C8-478B-B0CF-9F186DA133EF}.Debug|Mixed Platforms.Build.0 = Debug|Any CPU
		{BF31D5CA-D3C8-478B-B0CF-9F186DA133EF}.Debug|x86.ActiveCfg = Debug|Any CPU
		{BF31D5CA-D3C8-478B-B0CF-9F186DA133EF}.Release|Any CPU.ActiveCfg = Release|Any CPU
		{BF31D5CA-D3C8-478B-B0CF-9F186DA133EF}.Release|Any CPU.Build.0 = Release|Any CPU
		{BF31D5CA-D3C8-478B-B0CF-9F186DA133EF}.Release|Mixed Platforms.ActiveCfg = Release|Any CPU
		{BF31D5CA-D3C8-478B-B0CF-9F186DA133EF}.Release|Mixed Platforms.Build.0 = Release|Any CPU
		{BF31D5CA-D3C8-478B-B0CF-9F186DA133EF}.Release|x86.ActiveCfg = Release|Any CPU
		{FEC08548-CD77-4F42-875C-E8341F7B8E30}.Debug|Any CPU.ActiveCfg = Debug|Any CPU
		{FEC08548-CD77-4F42-875C-E8341F7B8E30}.Debug|Any CPU.Build.0 = Debug|Any CPU
		{FEC08548-CD77-4F42-875C-E8341F7B8E30}.Debug|Mixed Platforms.ActiveCfg = Debug|Any CPU
		{FEC08548-CD77-4F42-875C-E8341F7B8E30}.Debug|Mixed Platforms.Build.0 = Debug|Any CPU
		{FEC08548-CD77-4F42-875C-E8341F7B8E30}.Debug|x86.ActiveCfg = Debug|Any CPU
		{FEC08548-CD77-4F42-875C-E8341F7B8E30}.Release|Any CPU.ActiveCfg = Release|Any CPU
		{FEC08548-CD77-4F42-875C-E8341F7B8E30}.Release|Any CPU.Build.0 = Release|Any CPU
		{FEC08548-CD77-4F42-875C-E8341F7B8E30}.Release|Mixed Platforms.ActiveCfg = Release|Any CPU
		{FEC08548-CD77-4F42-875C-E8341F7B8E30}.Release|Mixed Platforms.Build.0 = Release|Any CPU
		{FEC08548-CD77-4F42-875C-E8341F7B8E30}.Release|x86.ActiveCfg = Release|Any CPU
		{2C5598AF-67D1-45C9-B01E-FB536E11826D}.Debug|Any CPU.ActiveCfg = Debug|Any CPU
		{2C5598AF-67D1-45C9-B01E-FB536E11826D}.Debug|Any CPU.Build.0 = Debug|Any CPU
		{2C5598AF-67D1-45C9-B01E-FB536E11826D}.Debug|Mixed Platforms.ActiveCfg = Debug|Any CPU
		{2C5598AF-67D1-45C9-B01E-FB536E11826D}.Debug|Mixed Platforms.Build.0 = Debug|Any CPU
		{2C5598AF-67D1-45C9-B01E-FB536E11826D}.Debug|x86.ActiveCfg = Debug|x86
		{2C5598AF-67D1-45C9-B01E-FB536E11826D}.Debug|x86.Build.0 = Debug|x86
		{2C5598AF-67D1-45C9-B01E-FB536E11826D}.Release|Any CPU.ActiveCfg = Release|Any CPU
		{2C5598AF-67D1-45C9-B01E-FB536E11826D}.Release|Any CPU.Build.0 = Release|Any CPU
		{2C5598AF-67D1-45C9-B01E-FB536E11826D}.Release|Mixed Platforms.ActiveCfg = Release|Any CPU
		{2C5598AF-67D1-45C9-B01E-FB536E11826D}.Release|Mixed Platforms.Build.0 = Release|Any CPU
		{2C5598AF-67D1-45C9-B01E-FB536E11826D}.Release|x86.ActiveCfg = Release|x86
		{2C5598AF-67D1-45C9-B01E-FB536E11826D}.Release|x86.Build.0 = Release|x86
		{45E0DD7E-6590-4657-8C2A-F2CFB63AF398}.Debug|Any CPU.ActiveCfg = Debug|Any CPU
		{45E0DD7E-6590-4657-8C2A-F2CFB63AF398}.Debug|Any CPU.Build.0 = Debug|Any CPU
		{45E0DD7E-6590-4657-8C2A-F2CFB63AF398}.Debug|Mixed Platforms.ActiveCfg = Debug|Any CPU
		{45E0DD7E-6590-4657-8C2A-F2CFB63AF398}.Debug|Mixed Platforms.Build.0 = Debug|Any CPU
		{45E0DD7E-6590-4657-8C2A-F2CFB63AF398}.Debug|x86.ActiveCfg = Debug|Any CPU
		{45E0DD7E-6590-4657-8C2A-F2CFB63AF398}.Release|Any CPU.ActiveCfg = Release|Any CPU
		{45E0DD7E-6590-4657-8C2A-F2CFB63AF398}.Release|Any CPU.Build.0 = Release|Any CPU
		{45E0DD7E-6590-4657-8C2A-F2CFB63AF398}.Release|Mixed Platforms.ActiveCfg = Release|Any CPU
		{45E0DD7E-6590-4657-8C2A-F2CFB63AF398}.Release|Mixed Platforms.Build.0 = Release|Any CPU
		{45E0DD7E-6590-4657-8C2A-F2CFB63AF398}.Release|x86.ActiveCfg = Release|Any CPU
		{66EFE707-510B-4D78-9FB1-228C0AE19640}.Debug|Any CPU.ActiveCfg = Debug|Any CPU
		{66EFE707-510B-4D78-9FB1-228C0AE19640}.Debug|Any CPU.Build.0 = Debug|Any CPU
		{66EFE707-510B-4D78-9FB1-228C0AE19640}.Debug|Mixed Platforms.ActiveCfg = Debug|Any CPU
		{66EFE707-510B-4D78-9FB1-228C0AE19640}.Debug|Mixed Platforms.Build.0 = Debug|Any CPU
		{66EFE707-510B-4D78-9FB1-228C0AE19640}.Debug|x86.ActiveCfg = Debug|x86
		{66EFE707-510B-4D78-9FB1-228C0AE19640}.Debug|x86.Build.0 = Debug|x86
		{66EFE707-510B-4D78-9FB1-228C0AE19640}.Release|Any CPU.ActiveCfg = Release|Any CPU
		{66EFE707-510B-4D78-9FB1-228C0AE19640}.Release|Any CPU.Build.0 = Release|Any CPU
		{66EFE707-510B-4D78-9FB1-228C0AE19640}.Release|Mixed Platforms.ActiveCfg = Release|Any CPU
		{66EFE707-510B-4D78-9FB1-228C0AE19640}.Release|Mixed Platforms.Build.0 = Release|Any CPU
		{66EFE707-510B-4D78-9FB1-228C0AE19640}.Release|x86.ActiveCfg = Release|x86
		{66EFE707-510B-4D78-9FB1-228C0AE19640}.Release|x86.Build.0 = Release|x86
		{7E92B3E9-0C1F-4FD0-BCB8-21A298735F5E}.Debug|Any CPU.ActiveCfg = Debug|Any CPU
		{7E92B3E9-0C1F-4FD0-BCB8-21A298735F5E}.Debug|Any CPU.Build.0 = Debug|Any CPU
		{7E92B3E9-0C1F-4FD0-BCB8-21A298735F5E}.Debug|Mixed Platforms.ActiveCfg = Debug|Any CPU
		{7E92B3E9-0C1F-4FD0-BCB8-21A298735F5E}.Debug|Mixed Platforms.Build.0 = Debug|Any CPU
		{7E92B3E9-0C1F-4FD0-BCB8-21A298735F5E}.Debug|x86.ActiveCfg = Debug|x86
		{7E92B3E9-0C1F-4FD0-BCB8-21A298735F5E}.Debug|x86.Build.0 = Debug|x86
		{7E92B3E9-0C1F-4FD0-BCB8-21A298735F5E}.Release|Any CPU.ActiveCfg = Release|Any CPU
		{7E92B3E9-0C1F-4FD0-BCB8-21A298735F5E}.Release|Any CPU.Build.0 = Release|Any CPU
		{7E92B3E9-0C1F-4FD0-BCB8-21A298735F5E}.Release|Mixed Platforms.ActiveCfg = Release|Any CPU
		{7E92B3E9-0C1F-4FD0-BCB8-21A298735F5E}.Release|Mixed Platforms.Build.0 = Release|Any CPU
		{7E92B3E9-0C1F-4FD0-BCB8-21A298735F5E}.Release|x86.ActiveCfg = Release|x86
		{7E92B3E9-0C1F-4FD0-BCB8-21A298735F5E}.Release|x86.Build.0 = Release|x86
		{FD7B7D66-9812-4583-81D5-C4A51C84C2B0}.Debug|Any CPU.ActiveCfg = Debug|Any CPU
		{FD7B7D66-9812-4583-81D5-C4A51C84C2B0}.Debug|Any CPU.Build.0 = Debug|Any CPU
		{FD7B7D66-9812-4583-81D5-C4A51C84C2B0}.Debug|Mixed Platforms.ActiveCfg = Debug|Any CPU
		{FD7B7D66-9812-4583-81D5-C4A51C84C2B0}.Debug|Mixed Platforms.Build.0 = Debug|Any CPU
		{FD7B7D66-9812-4583-81D5-C4A51C84C2B0}.Debug|x86.ActiveCfg = Debug|x86
		{FD7B7D66-9812-4583-81D5-C4A51C84C2B0}.Debug|x86.Build.0 = Debug|x86
		{FD7B7D66-9812-4583-81D5-C4A51C84C2B0}.Release|Any CPU.ActiveCfg = Release|Any CPU
		{FD7B7D66-9812-4583-81D5-C4A51C84C2B0}.Release|Any CPU.Build.0 = Release|Any CPU
		{FD7B7D66-9812-4583-81D5-C4A51C84C2B0}.Release|Mixed Platforms.ActiveCfg = Release|Any CPU
		{FD7B7D66-9812-4583-81D5-C4A51C84C2B0}.Release|Mixed Platforms.Build.0 = Release|Any CPU
		{FD7B7D66-9812-4583-81D5-C4A51C84C2B0}.Release|x86.ActiveCfg = Release|x86
		{FD7B7D66-9812-4583-81D5-C4A51C84C2B0}.Release|x86.Build.0 = Release|x86
		{D32BFA72-0193-424A-8025-809A75C51CE2}.Debug|Any CPU.ActiveCfg = Debug|Any CPU
		{D32BFA72-0193-424A-8025-809A75C51CE2}.Debug|Any CPU.Build.0 = Debug|Any CPU
		{D32BFA72-0193-424A-8025-809A75C51CE2}.Debug|Mixed Platforms.ActiveCfg = Debug|Any CPU
		{D32BFA72-0193-424A-8025-809A75C51CE2}.Debug|Mixed Platforms.Build.0 = Debug|Any CPU
		{D32BFA72-0193-424A-8025-809A75C51CE2}.Debug|x86.ActiveCfg = Debug|Any CPU
		{D32BFA72-0193-424A-8025-809A75C51CE2}.Release|Any CPU.ActiveCfg = Release|Any CPU
		{D32BFA72-0193-424A-8025-809A75C51CE2}.Release|Any CPU.Build.0 = Release|Any CPU
		{D32BFA72-0193-424A-8025-809A75C51CE2}.Release|Mixed Platforms.ActiveCfg = Release|Any CPU
		{D32BFA72-0193-424A-8025-809A75C51CE2}.Release|Mixed Platforms.Build.0 = Release|Any CPU
		{D32BFA72-0193-424A-8025-809A75C51CE2}.Release|x86.ActiveCfg = Release|Any CPU
		{41C380BE-0028-4453-B69F-F1B709D5D391}.Debug|Any CPU.ActiveCfg = Debug|Any CPU
		{41C380BE-0028-4453-B69F-F1B709D5D391}.Debug|Any CPU.Build.0 = Debug|Any CPU
		{41C380BE-0028-4453-B69F-F1B709D5D391}.Debug|Mixed Platforms.ActiveCfg = Debug|Any CPU
		{41C380BE-0028-4453-B69F-F1B709D5D391}.Debug|Mixed Platforms.Build.0 = Debug|Any CPU
		{41C380BE-0028-4453-B69F-F1B709D5D391}.Debug|x86.ActiveCfg = Debug|Any CPU
		{41C380BE-0028-4453-B69F-F1B709D5D391}.Release|Any CPU.ActiveCfg = Release|Any CPU
		{41C380BE-0028-4453-B69F-F1B709D5D391}.Release|Any CPU.Build.0 = Release|Any CPU
		{41C380BE-0028-4453-B69F-F1B709D5D391}.Release|Mixed Platforms.ActiveCfg = Release|Any CPU
		{41C380BE-0028-4453-B69F-F1B709D5D391}.Release|Mixed Platforms.Build.0 = Release|Any CPU
		{41C380BE-0028-4453-B69F-F1B709D5D391}.Release|x86.ActiveCfg = Release|Any CPU
		{B2E1A76D-CCD9-4C87-B0A2-FA23396D78D0}.Debug|Any CPU.ActiveCfg = Debug|Any CPU
		{B2E1A76D-CCD9-4C87-B0A2-FA23396D78D0}.Debug|Any CPU.Build.0 = Debug|Any CPU
		{B2E1A76D-CCD9-4C87-B0A2-FA23396D78D0}.Debug|Mixed Platforms.ActiveCfg = Debug|Any CPU
		{B2E1A76D-CCD9-4C87-B0A2-FA23396D78D0}.Debug|Mixed Platforms.Build.0 = Debug|Any CPU
		{B2E1A76D-CCD9-4C87-B0A2-FA23396D78D0}.Debug|x86.ActiveCfg = Debug|Any CPU
		{B2E1A76D-CCD9-4C87-B0A2-FA23396D78D0}.Release|Any CPU.ActiveCfg = Release|Any CPU
		{B2E1A76D-CCD9-4C87-B0A2-FA23396D78D0}.Release|Any CPU.Build.0 = Release|Any CPU
		{B2E1A76D-CCD9-4C87-B0A2-FA23396D78D0}.Release|Mixed Platforms.ActiveCfg = Release|Any CPU
		{B2E1A76D-CCD9-4C87-B0A2-FA23396D78D0}.Release|Mixed Platforms.Build.0 = Release|Any CPU
		{B2E1A76D-CCD9-4C87-B0A2-FA23396D78D0}.Release|x86.ActiveCfg = Release|Any CPU
		{66D5DC1D-246B-49DA-9856-4ED68966D3C7}.Debug|Any CPU.ActiveCfg = Debug|Any CPU
		{66D5DC1D-246B-49DA-9856-4ED68966D3C7}.Debug|Any CPU.Build.0 = Debug|Any CPU
		{66D5DC1D-246B-49DA-9856-4ED68966D3C7}.Debug|Mixed Platforms.ActiveCfg = Debug|x86
		{66D5DC1D-246B-49DA-9856-4ED68966D3C7}.Debug|Mixed Platforms.Build.0 = Debug|x86
		{66D5DC1D-246B-49DA-9856-4ED68966D3C7}.Debug|x86.ActiveCfg = Debug|x86
		{66D5DC1D-246B-49DA-9856-4ED68966D3C7}.Debug|x86.Build.0 = Debug|x86
		{66D5DC1D-246B-49DA-9856-4ED68966D3C7}.Release|Any CPU.ActiveCfg = Release|Any CPU
		{66D5DC1D-246B-49DA-9856-4ED68966D3C7}.Release|Any CPU.Build.0 = Release|Any CPU
		{66D5DC1D-246B-49DA-9856-4ED68966D3C7}.Release|Mixed Platforms.ActiveCfg = Release|x86
		{66D5DC1D-246B-49DA-9856-4ED68966D3C7}.Release|Mixed Platforms.Build.0 = Release|x86
		{66D5DC1D-246B-49DA-9856-4ED68966D3C7}.Release|x86.ActiveCfg = Release|x86
		{66D5DC1D-246B-49DA-9856-4ED68966D3C7}.Release|x86.Build.0 = Release|x86
		{25D01A09-60A9-4D63-B18F-CF54D158897C}.Debug|Any CPU.ActiveCfg = Debug|Any CPU
		{25D01A09-60A9-4D63-B18F-CF54D158897C}.Debug|Any CPU.Build.0 = Debug|Any CPU
		{25D01A09-60A9-4D63-B18F-CF54D158897C}.Debug|Mixed Platforms.ActiveCfg = Debug|x86
		{25D01A09-60A9-4D63-B18F-CF54D158897C}.Debug|Mixed Platforms.Build.0 = Debug|x86
		{25D01A09-60A9-4D63-B18F-CF54D158897C}.Debug|x86.ActiveCfg = Debug|x86
		{25D01A09-60A9-4D63-B18F-CF54D158897C}.Debug|x86.Build.0 = Debug|x86
		{25D01A09-60A9-4D63-B18F-CF54D158897C}.Release|Any CPU.ActiveCfg = Release|Any CPU
		{25D01A09-60A9-4D63-B18F-CF54D158897C}.Release|Any CPU.Build.0 = Release|Any CPU
		{25D01A09-60A9-4D63-B18F-CF54D158897C}.Release|Mixed Platforms.ActiveCfg = Release|x86
		{25D01A09-60A9-4D63-B18F-CF54D158897C}.Release|Mixed Platforms.Build.0 = Release|x86
		{25D01A09-60A9-4D63-B18F-CF54D158897C}.Release|x86.ActiveCfg = Release|x86
		{25D01A09-60A9-4D63-B18F-CF54D158897C}.Release|x86.Build.0 = Release|x86
	EndGlobalSection
	GlobalSection(SolutionProperties) = preSolution
		HideSolutionNode = FALSE
	EndGlobalSection
	GlobalSection(NestedProjects) = preSolution
		{B1154B53-619A-4878-8915-9A98904EEEF5} = {A84FBDA1-CBD9-45E0-A3CC-7C0E7842D533}
		{E45EDD1D-4BED-4782-9050-D42EF782C28E} = {A84FBDA1-CBD9-45E0-A3CC-7C0E7842D533}
		{B0602976-1274-4BDB-8158-9A655821E14D} = {A84FBDA1-CBD9-45E0-A3CC-7C0E7842D533}
		{DBF3A25F-E50B-40F9-A7D3-312BC11CB08A} = {A84FBDA1-CBD9-45E0-A3CC-7C0E7842D533}
		{246DB066-8785-455D-8431-F43CE60D5CA1} = {A84FBDA1-CBD9-45E0-A3CC-7C0E7842D533}
		{3A236F04-48E0-4FD9-AD24-641928DC2621} = {A84FBDA1-CBD9-45E0-A3CC-7C0E7842D533}
		{0B857806-380B-4290-94DB-80EE647CBEB2} = {A84FBDA1-CBD9-45E0-A3CC-7C0E7842D533}
		{CCD77A3B-B127-4EA4-8653-E810CA8243B2} = {A84FBDA1-CBD9-45E0-A3CC-7C0E7842D533}
		{F8190EE1-FE56-4181-BE8B-2E5558A086CE} = {A84FBDA1-CBD9-45E0-A3CC-7C0E7842D533}
		{E6E5D9D5-A67A-4CFE-84EB-EFCCDB62F351} = {A84FBDA1-CBD9-45E0-A3CC-7C0E7842D533}
		{27A91FC0-0859-43A8-8A35-6B3C159889D9} = {A84FBDA1-CBD9-45E0-A3CC-7C0E7842D533}
		{7D4D3AFA-4377-4B3A-8B6D-6E06CCA0C73E} = {A84FBDA1-CBD9-45E0-A3CC-7C0E7842D533}
		{BBBA21FA-21D8-4A73-B392-43D85D3BF076} = {A84FBDA1-CBD9-45E0-A3CC-7C0E7842D533}
		{47A7B1DB-9947-4508-912C-E84EEB9E6D1E} = {A84FBDA1-CBD9-45E0-A3CC-7C0E7842D533}
		{5301E9F1-4D8F-40AA-ADBA-1C209984CD5B} = {A84FBDA1-CBD9-45E0-A3CC-7C0E7842D533}
		{3E707D1C-C9E9-4236-BC79-3199128EC3C5} = {A84FBDA1-CBD9-45E0-A3CC-7C0E7842D533}
		{3F2AFCD6-F1E0-4DE0-AD67-1087FBF90FE4} = {A84FBDA1-CBD9-45E0-A3CC-7C0E7842D533}
		{37AF0456-F7F6-4E41-9C4C-ADC14D5802FD} = {A84FBDA1-CBD9-45E0-A3CC-7C0E7842D533}
		{42022F14-ACC9-44BD-B5AF-E2F6ABCFE9A4} = {A84FBDA1-CBD9-45E0-A3CC-7C0E7842D533}
		{98E7E9D3-1D26-46E2-AD72-3B70DCF2BC54} = {A84FBDA1-CBD9-45E0-A3CC-7C0E7842D533}
		{E579A0E8-350D-48FE-B852-C5ABB2FCDF35} = {A84FBDA1-CBD9-45E0-A3CC-7C0E7842D533}
		{29C20DFB-7DAB-451D-AD8C-F5E6CEDBF400} = {A84FBDA1-CBD9-45E0-A3CC-7C0E7842D533}
		{53F1CB03-DD58-4A63-B308-B099A47E9E86} = {A84FBDA1-CBD9-45E0-A3CC-7C0E7842D533}
		{DF378B58-7FC8-4B66-9AE3-7A8EFDAE04B6} = {A84FBDA1-CBD9-45E0-A3CC-7C0E7842D533}
		{3FF36C8E-49D2-4BBC-BF08-94AC1560F0D5} = {A84FBDA1-CBD9-45E0-A3CC-7C0E7842D533}
		{B70BAE66-3932-44F4-A411-C7EA6F1342AD} = {A84FBDA1-CBD9-45E0-A3CC-7C0E7842D533}
		{64F4D426-C8EB-4A90-908C-2BB45BE6C136} = {A84FBDA1-CBD9-45E0-A3CC-7C0E7842D533}
		{E2E39EA8-8B98-4DF9-9F7B-EEA0B9AAEF70} = {A84FBDA1-CBD9-45E0-A3CC-7C0E7842D533}
		{D8453C80-9800-4B83-8BEC-8D0EA7094E28} = {A84FBDA1-CBD9-45E0-A3CC-7C0E7842D533}
		{5174EC6A-8472-4028-A720-CAD8C5AAFA80} = {A84FBDA1-CBD9-45E0-A3CC-7C0E7842D533}
		{A7A82C39-B106-4ADA-8E3C-8A9377252F1E} = {A84FBDA1-CBD9-45E0-A3CC-7C0E7842D533}
		{705354D6-56D9-4549-A904-1BF629BC1CF8} = {A84FBDA1-CBD9-45E0-A3CC-7C0E7842D533}
		{E95E1D0E-F4F8-4197-8C99-0A9868685E7D} = {A84FBDA1-CBD9-45E0-A3CC-7C0E7842D533}
		{27E41472-2814-4D20-84C8-858CEFB0C5BC} = {A84FBDA1-CBD9-45E0-A3CC-7C0E7842D533}
		{BF31D5CA-D3C8-478B-B0CF-9F186DA133EF} = {A84FBDA1-CBD9-45E0-A3CC-7C0E7842D533}
		{FEC08548-CD77-4F42-875C-E8341F7B8E30} = {A84FBDA1-CBD9-45E0-A3CC-7C0E7842D533}
		{2C5598AF-67D1-45C9-B01E-FB536E11826D} = {A84FBDA1-CBD9-45E0-A3CC-7C0E7842D533}
		{45E0DD7E-6590-4657-8C2A-F2CFB63AF398} = {A84FBDA1-CBD9-45E0-A3CC-7C0E7842D533}
		{66EFE707-510B-4D78-9FB1-228C0AE19640} = {A84FBDA1-CBD9-45E0-A3CC-7C0E7842D533}
		{7E92B3E9-0C1F-4FD0-BCB8-21A298735F5E} = {A84FBDA1-CBD9-45E0-A3CC-7C0E7842D533}
		{FD7B7D66-9812-4583-81D5-C4A51C84C2B0} = {A84FBDA1-CBD9-45E0-A3CC-7C0E7842D533}
		{D32BFA72-0193-424A-8025-809A75C51CE2} = {A84FBDA1-CBD9-45E0-A3CC-7C0E7842D533}
		{41C380BE-0028-4453-B69F-F1B709D5D391} = {A84FBDA1-CBD9-45E0-A3CC-7C0E7842D533}
		{62C5EA60-2FE8-4F56-BC66-BE2D7B14CA5B} = {A84FBDA1-CBD9-45E0-A3CC-7C0E7842D533}
		{66D5DC1D-246B-49DA-9856-4ED68966D3C7} = {A84FBDA1-CBD9-45E0-A3CC-7C0E7842D533}
	EndGlobalSection
	GlobalSection(ExtensibilityGlobals) = postSolution
		BuildVersion_UpdateAssemblyVersion = True
		BuildVersion_UpdateFileVersion = True
		BuildVersion_BuildVersioningStyle = None.None.Increment.None
		BuildVersion_UseGlobalSettings = True
		BuildVersion_IncrementBeforeBuild = True
	EndGlobalSection
EndGlobal
