
Microsoft Visual Studio Solution File, Format Version 11.00
# Visual Studio 2010
Project("{F184B08F-C81C-45F6-A57F-5ABD9991F28F}") = "Driver_Foobar", "Driver_Foobar\Driver_Foobar.vbproj", "{62C5EA60-2FE8-4F56-BC66-BE2D7B14CA5B}"
EndProject
Project("{F184B08F-C81C-45F6-A57F-5ABD9991F28F}") = "Driver_k8055", "Driver_k8055\Driver_k8055.vbproj", "{B1154B53-619A-4878-8915-9A98904EEEF5}"
EndProject
Project("{F184B08F-C81C-45F6-A57F-5ABD9991F28F}") = "Driver_k8056", "Driver_k8056\Driver_k8056.vbproj", "{E45EDD1D-4BED-4782-9050-D42EF782C28E}"
EndProject
Project("{F184B08F-C81C-45F6-A57F-5ABD9991F28F}") = "Driver_MeteoGoogle", "Driver_MeteoGoogle\Driver_MeteoGoogle.vbproj", "{9D3367A7-70FC-482F-83DA-56E9534C4A5F}"
EndProject
Project("{F184B08F-C81C-45F6-A57F-5ABD9991F28F}") = "HoMIDomService", "HoMIDomService\HoMIDomService.vbproj", "{37B0A6AC-01E4-46EE-83DF-C4B8E91E3633}"
EndProject
Project("{F184B08F-C81C-45F6-A57F-5ABD9991F28F}") = "HoMIDom", "HoMIDom\HoMIDom.vbproj", "{1F0CE8B5-5BA9-4704-8B5E-52682635F803}"
EndProject
Project("{F184B08F-C81C-45F6-A57F-5ABD9991F28F}") = "Driver_OneWire", "Driver_onewire\Driver_OneWire.vbproj", "{B0602976-1274-4BDB-8158-9A655821E14D}"
	ProjectSection(ProjectDependencies) = postProject
		{1F0CE8B5-5BA9-4704-8B5E-52682635F803} = {1F0CE8B5-5BA9-4704-8B5E-52682635F803}
	EndProjectSection
EndProject
Project("{F184B08F-C81C-45F6-A57F-5ABD9991F28F}") = "Driver_OpenWebNet", "Driver_OpenWebNet\Driver_OpenWebNet.vbproj", "{53F1CB03-DD58-4A63-B308-B099A47E9E86}"
EndProject
Project("{F184B08F-C81C-45F6-A57F-5ABD9991F28F}") = "Driver_PLCBUS", "Driver_PLCBUS\Driver_PLCBUS.vbproj", "{DBF3A25F-E50B-40F9-A7D3-312BC11CB08A}"
EndProject
Project("{F184B08F-C81C-45F6-A57F-5ABD9991F28F}") = "Driver_USBuirt", "Driver_USBuirt\Driver_USBuirt.vbproj", "{246DB066-8785-455D-8431-F43CE60D5CA1}"
EndProject
Project("{F184B08F-C81C-45F6-A57F-5ABD9991F28F}") = "Driver_Virtuel", "Driver_Virtuel\Driver_Virtuel.vbproj", "{3A236F04-48E0-4FD9-AD24-641928DC2621}"
EndProject
Project("{F184B08F-C81C-45F6-A57F-5ABD9991F28F}") = "Driver_Zibase", "Driver_Zibase\Driver_Zibase.vbproj", "{0B857806-380B-4290-94DB-80EE647CBEB2}"
EndProject
Project("{F184B08F-C81C-45F6-A57F-5ABD9991F28F}") = "HoMIAdmiN", "HoMIAdmiN\HoMIAdmiN\HoMIAdmiN.vbproj", "{6BB2F741-F077-4D87-90C5-619AF11786FF}"
	ProjectSection(ProjectDependencies) = postProject
		{1F0CE8B5-5BA9-4704-8B5E-52682635F803} = {1F0CE8B5-5BA9-4704-8B5E-52682635F803}
	EndProjectSection
EndProject
Project("{F184B08F-C81C-45F6-A57F-5ABD9991F28F}") = "Driver_Mirror", "Driver_Mirror\Driver_Mirror.vbproj", "{CCD77A3B-B127-4EA4-8653-E810CA8243B2}"
EndProject
Project("{F184B08F-C81C-45F6-A57F-5ABD9991F28F}") = "Driver_RFXMitter", "Driver_RFXMitter\Driver_RFXMitter.vbproj", "{F8190EE1-FE56-4181-BE8B-2E5558A086CE}"
EndProject
Project("{F184B08F-C81C-45F6-A57F-5ABD9991F28F}") = "Driver_RFXComReceiver", "Driver_RFXComReceiver\Driver_RFXComReceiver.vbproj", "{42022F14-ACC9-44BD-B5AF-E2F6ABCFE9A4}"
EndProject
Project("{F184B08F-C81C-45F6-A57F-5ABD9991F28F}") = "WpfApplication_Viewer", "WpfClient\WpfApplication_Viewer\WpfApplication_Viewer.vbproj", "{B2E1A76D-CCD9-4C87-B0A2-FA23396D78D0}"
EndProject
Project("{F184B08F-C81C-45F6-A57F-5ABD9991F28F}") = "Driver_DMX", "Driver_DMX\Driver_DMX.vbproj", "{E6E5D9D5-A67A-4CFE-84EB-EFCCDB62F351}"
EndProject
Project("{F184B08F-C81C-45F6-A57F-5ABD9991F28F}") = "Driver_Phidget", "Driver_Phidget\Driver_Phidget.vbproj", "{27A91FC0-0859-43A8-8A35-6B3C159889D9}"
EndProject
Project("{F184B08F-C81C-45F6-A57F-5ABD9991F28F}") = "Driver_X10_CM15", "Driver_X10_CM15\Driver_X10_CM15.vbproj", "{7D4D3AFA-4377-4B3A-8B6D-6E06CCA0C73E}"
EndProject
Project("{F184B08F-C81C-45F6-A57F-5ABD9991F28F}") = "Driver_Arduino", "Driver_Arduino\Driver_Arduino.vbproj", "{BBBA21FA-21D8-4A73-B392-43D85D3BF076}"
EndProject
Project("{F184B08F-C81C-45F6-A57F-5ABD9991F28F}") = "Driver_teleinfo", "Driver_teleinfo\Driver_teleinfo.vbproj", "{47A7B1DB-9947-4508-912C-E84EEB9E6D1E}"
EndProject
Project("{F184B08F-C81C-45F6-A57F-5ABD9991F28F}") = "Driver_X10_CM11", "Driver_X10_CM11\Driver_X10_CM11.vbproj", "{5301E9F1-4D8F-40AA-ADBA-1C209984CD5B}"
EndProject
Global
	GlobalSection(SolutionConfigurationPlatforms) = preSolution
		Debug|Any CPU = Debug|Any CPU
		Debug|Mixed Platforms = Debug|Mixed Platforms
		Debug|x86 = Debug|x86
		Release|Any CPU = Release|Any CPU
		Release|Mixed Platforms = Release|Mixed Platforms
		Release|x86 = Release|x86
	EndGlobalSection
	GlobalSection(ProjectConfigurationPlatforms) = postSolution
		{62C5EA60-2FE8-4F56-BC66-BE2D7B14CA5B}.Debug|Any CPU.ActiveCfg = Debug|Any CPU
		{62C5EA60-2FE8-4F56-BC66-BE2D7B14CA5B}.Debug|Mixed Platforms.ActiveCfg = Debug|Any CPU
		{62C5EA60-2FE8-4F56-BC66-BE2D7B14CA5B}.Debug|Mixed Platforms.Build.0 = Debug|Any CPU
		{62C5EA60-2FE8-4F56-BC66-BE2D7B14CA5B}.Debug|x86.ActiveCfg = Debug|Any CPU
		{62C5EA60-2FE8-4F56-BC66-BE2D7B14CA5B}.Release|Any CPU.ActiveCfg = Release|Any CPU
		{62C5EA60-2FE8-4F56-BC66-BE2D7B14CA5B}.Release|Mixed Platforms.ActiveCfg = Release|Any CPU
		{62C5EA60-2FE8-4F56-BC66-BE2D7B14CA5B}.Release|x86.ActiveCfg = Release|Any CPU
		{B1154B53-619A-4878-8915-9A98904EEEF5}.Debug|Any CPU.ActiveCfg = Debug|Any CPU
		{B1154B53-619A-4878-8915-9A98904EEEF5}.Debug|Mixed Platforms.ActiveCfg = Debug|Any CPU
		{B1154B53-619A-4878-8915-9A98904EEEF5}.Debug|Mixed Platforms.Build.0 = Debug|Any CPU
		{B1154B53-619A-4878-8915-9A98904EEEF5}.Debug|x86.ActiveCfg = Debug|Any CPU
		{B1154B53-619A-4878-8915-9A98904EEEF5}.Release|Any CPU.ActiveCfg = Release|Any CPU
		{B1154B53-619A-4878-8915-9A98904EEEF5}.Release|Mixed Platforms.ActiveCfg = Release|Any CPU
		{B1154B53-619A-4878-8915-9A98904EEEF5}.Release|x86.ActiveCfg = Release|Any CPU
		{E45EDD1D-4BED-4782-9050-D42EF782C28E}.Debug|Any CPU.ActiveCfg = Debug|Any CPU
		{E45EDD1D-4BED-4782-9050-D42EF782C28E}.Debug|Mixed Platforms.ActiveCfg = Debug|Any CPU
		{E45EDD1D-4BED-4782-9050-D42EF782C28E}.Debug|Mixed Platforms.Build.0 = Debug|Any CPU
		{E45EDD1D-4BED-4782-9050-D42EF782C28E}.Debug|x86.ActiveCfg = Debug|Any CPU
		{E45EDD1D-4BED-4782-9050-D42EF782C28E}.Release|Any CPU.ActiveCfg = Release|Any CPU
		{E45EDD1D-4BED-4782-9050-D42EF782C28E}.Release|Mixed Platforms.ActiveCfg = Release|Any CPU
		{E45EDD1D-4BED-4782-9050-D42EF782C28E}.Release|x86.ActiveCfg = Release|Any CPU
		{9D3367A7-70FC-482F-83DA-56E9534C4A5F}.Debug|Any CPU.ActiveCfg = Debug|Any CPU
		{9D3367A7-70FC-482F-83DA-56E9534C4A5F}.Debug|Mixed Platforms.ActiveCfg = Debug|Any CPU
		{9D3367A7-70FC-482F-83DA-56E9534C4A5F}.Debug|Mixed Platforms.Build.0 = Debug|Any CPU
		{9D3367A7-70FC-482F-83DA-56E9534C4A5F}.Debug|x86.ActiveCfg = Debug|Any CPU
		{9D3367A7-70FC-482F-83DA-56E9534C4A5F}.Release|Any CPU.ActiveCfg = Release|Any CPU
		{9D3367A7-70FC-482F-83DA-56E9534C4A5F}.Release|Mixed Platforms.ActiveCfg = Release|Any CPU
		{9D3367A7-70FC-482F-83DA-56E9534C4A5F}.Release|x86.ActiveCfg = Release|Any CPU
		{37B0A6AC-01E4-46EE-83DF-C4B8E91E3633}.Debug|Any CPU.ActiveCfg = Debug|Any CPU
		{37B0A6AC-01E4-46EE-83DF-C4B8E91E3633}.Debug|Mixed Platforms.ActiveCfg = Debug|Any CPU
		{37B0A6AC-01E4-46EE-83DF-C4B8E91E3633}.Debug|Mixed Platforms.Build.0 = Debug|Any CPU
		{37B0A6AC-01E4-46EE-83DF-C4B8E91E3633}.Debug|x86.ActiveCfg = Debug|Any CPU
		{37B0A6AC-01E4-46EE-83DF-C4B8E91E3633}.Release|Any CPU.ActiveCfg = Release|Any CPU
		{37B0A6AC-01E4-46EE-83DF-C4B8E91E3633}.Release|Mixed Platforms.ActiveCfg = Release|Any CPU
		{37B0A6AC-01E4-46EE-83DF-C4B8E91E3633}.Release|x86.ActiveCfg = Release|Any CPU
		{1F0CE8B5-5BA9-4704-8B5E-52682635F803}.Debug|Any CPU.ActiveCfg = Debug|Any CPU
		{1F0CE8B5-5BA9-4704-8B5E-52682635F803}.Debug|Mixed Platforms.ActiveCfg = Debug|Any CPU
		{1F0CE8B5-5BA9-4704-8B5E-52682635F803}.Debug|Mixed Platforms.Build.0 = Debug|Any CPU
		{1F0CE8B5-5BA9-4704-8B5E-52682635F803}.Debug|x86.ActiveCfg = Debug|Any CPU
		{1F0CE8B5-5BA9-4704-8B5E-52682635F803}.Release|Any CPU.ActiveCfg = Release|Any CPU
		{1F0CE8B5-5BA9-4704-8B5E-52682635F803}.Release|Mixed Platforms.ActiveCfg = Release|Any CPU
		{1F0CE8B5-5BA9-4704-8B5E-52682635F803}.Release|x86.ActiveCfg = Release|Any CPU
		{B0602976-1274-4BDB-8158-9A655821E14D}.Debug|Any CPU.ActiveCfg = Debug|Any CPU
		{B0602976-1274-4BDB-8158-9A655821E14D}.Debug|Mixed Platforms.ActiveCfg = Debug|Any CPU
		{B0602976-1274-4BDB-8158-9A655821E14D}.Debug|Mixed Platforms.Build.0 = Debug|Any CPU
		{B0602976-1274-4BDB-8158-9A655821E14D}.Debug|x86.ActiveCfg = Debug|Any CPU
		{B0602976-1274-4BDB-8158-9A655821E14D}.Release|Any CPU.ActiveCfg = Release|Any CPU
		{B0602976-1274-4BDB-8158-9A655821E14D}.Release|Mixed Platforms.ActiveCfg = Release|Any CPU
		{B0602976-1274-4BDB-8158-9A655821E14D}.Release|x86.ActiveCfg = Release|Any CPU
		{53F1CB03-DD58-4A63-B308-B099A47E9E86}.Debug|Any CPU.ActiveCfg = Debug|Any CPU
		{53F1CB03-DD58-4A63-B308-B099A47E9E86}.Debug|Mixed Platforms.ActiveCfg = Debug|Any CPU
		{53F1CB03-DD58-4A63-B308-B099A47E9E86}.Debug|Mixed Platforms.Build.0 = Debug|Any CPU
		{53F1CB03-DD58-4A63-B308-B099A47E9E86}.Debug|x86.ActiveCfg = Debug|Any CPU
		{53F1CB03-DD58-4A63-B308-B099A47E9E86}.Release|Any CPU.ActiveCfg = Release|Any CPU
		{53F1CB03-DD58-4A63-B308-B099A47E9E86}.Release|Mixed Platforms.ActiveCfg = Release|Any CPU
		{53F1CB03-DD58-4A63-B308-B099A47E9E86}.Release|x86.ActiveCfg = Release|Any CPU
		{DBF3A25F-E50B-40F9-A7D3-312BC11CB08A}.Debug|Any CPU.ActiveCfg = Debug|Any CPU
		{DBF3A25F-E50B-40F9-A7D3-312BC11CB08A}.Debug|Mixed Platforms.ActiveCfg = Debug|Any CPU
		{DBF3A25F-E50B-40F9-A7D3-312BC11CB08A}.Debug|Mixed Platforms.Build.0 = Debug|Any CPU
		{DBF3A25F-E50B-40F9-A7D3-312BC11CB08A}.Debug|x86.ActiveCfg = Debug|Any CPU
		{DBF3A25F-E50B-40F9-A7D3-312BC11CB08A}.Release|Any CPU.ActiveCfg = Release|Any CPU
		{DBF3A25F-E50B-40F9-A7D3-312BC11CB08A}.Release|Mixed Platforms.ActiveCfg = Release|Any CPU
		{DBF3A25F-E50B-40F9-A7D3-312BC11CB08A}.Release|x86.ActiveCfg = Release|Any CPU
		{246DB066-8785-455D-8431-F43CE60D5CA1}.Debug|Any CPU.ActiveCfg = Debug|Any CPU
		{246DB066-8785-455D-8431-F43CE60D5CA1}.Debug|Mixed Platforms.ActiveCfg = Debug|Any CPU
		{246DB066-8785-455D-8431-F43CE60D5CA1}.Debug|Mixed Platforms.Build.0 = Debug|Any CPU
		{246DB066-8785-455D-8431-F43CE60D5CA1}.Debug|x86.ActiveCfg = Debug|Any CPU
		{246DB066-8785-455D-8431-F43CE60D5CA1}.Release|Any CPU.ActiveCfg = Release|Any CPU
		{246DB066-8785-455D-8431-F43CE60D5CA1}.Release|Mixed Platforms.ActiveCfg = Release|Any CPU
		{246DB066-8785-455D-8431-F43CE60D5CA1}.Release|x86.ActiveCfg = Release|Any CPU
		{3A236F04-48E0-4FD9-AD24-641928DC2621}.Debug|Any CPU.ActiveCfg = Debug|Any CPU
		{3A236F04-48E0-4FD9-AD24-641928DC2621}.Debug|Mixed Platforms.ActiveCfg = Debug|Any CPU
		{3A236F04-48E0-4FD9-AD24-641928DC2621}.Debug|Mixed Platforms.Build.0 = Debug|Any CPU
		{3A236F04-48E0-4FD9-AD24-641928DC2621}.Debug|x86.ActiveCfg = Debug|Any CPU
		{3A236F04-48E0-4FD9-AD24-641928DC2621}.Release|Any CPU.ActiveCfg = Release|Any CPU
		{3A236F04-48E0-4FD9-AD24-641928DC2621}.Release|Mixed Platforms.ActiveCfg = Release|Any CPU
		{3A236F04-48E0-4FD9-AD24-641928DC2621}.Release|x86.ActiveCfg = Release|Any CPU
		{0B857806-380B-4290-94DB-80EE647CBEB2}.Debug|Any CPU.ActiveCfg = Debug|Any CPU
		{0B857806-380B-4290-94DB-80EE647CBEB2}.Debug|Mixed Platforms.ActiveCfg = Debug|Any CPU
		{0B857806-380B-4290-94DB-80EE647CBEB2}.Debug|Mixed Platforms.Build.0 = Debug|Any CPU
		{0B857806-380B-4290-94DB-80EE647CBEB2}.Debug|x86.ActiveCfg = Debug|Any CPU
		{0B857806-380B-4290-94DB-80EE647CBEB2}.Release|Any CPU.ActiveCfg = Release|Any CPU
		{0B857806-380B-4290-94DB-80EE647CBEB2}.Release|Mixed Platforms.ActiveCfg = Release|Any CPU
		{0B857806-380B-4290-94DB-80EE647CBEB2}.Release|x86.ActiveCfg = Release|Any CPU
		{6BB2F741-F077-4D87-90C5-619AF11786FF}.Debug|Any CPU.ActiveCfg = Debug|Any CPU
		{6BB2F741-F077-4D87-90C5-619AF11786FF}.Debug|Mixed Platforms.ActiveCfg = Debug|Any CPU
		{6BB2F741-F077-4D87-90C5-619AF11786FF}.Debug|Mixed Platforms.Build.0 = Debug|Any CPU
		{6BB2F741-F077-4D87-90C5-619AF11786FF}.Debug|x86.ActiveCfg = Debug|Any CPU
		{6BB2F741-F077-4D87-90C5-619AF11786FF}.Release|Any CPU.ActiveCfg = Release|Any CPU
		{6BB2F741-F077-4D87-90C5-619AF11786FF}.Release|Mixed Platforms.ActiveCfg = Release|Any CPU
		{6BB2F741-F077-4D87-90C5-619AF11786FF}.Release|x86.ActiveCfg = Release|Any CPU
		{CCD77A3B-B127-4EA4-8653-E810CA8243B2}.Debug|Any CPU.ActiveCfg = Debug|Any CPU
		{CCD77A3B-B127-4EA4-8653-E810CA8243B2}.Debug|Mixed Platforms.ActiveCfg = Debug|Any CPU
		{CCD77A3B-B127-4EA4-8653-E810CA8243B2}.Debug|Mixed Platforms.Build.0 = Debug|Any CPU
		{CCD77A3B-B127-4EA4-8653-E810CA8243B2}.Debug|x86.ActiveCfg = Debug|Any CPU
		{CCD77A3B-B127-4EA4-8653-E810CA8243B2}.Release|Any CPU.ActiveCfg = Release|Any CPU
		{CCD77A3B-B127-4EA4-8653-E810CA8243B2}.Release|Mixed Platforms.ActiveCfg = Release|Any CPU
		{CCD77A3B-B127-4EA4-8653-E810CA8243B2}.Release|x86.ActiveCfg = Release|Any CPU
		{F8190EE1-FE56-4181-BE8B-2E5558A086CE}.Debug|Any CPU.ActiveCfg = Debug|Any CPU
		{F8190EE1-FE56-4181-BE8B-2E5558A086CE}.Debug|Mixed Platforms.ActiveCfg = Debug|Any CPU
		{F8190EE1-FE56-4181-BE8B-2E5558A086CE}.Debug|Mixed Platforms.Build.0 = Debug|Any CPU
		{F8190EE1-FE56-4181-BE8B-2E5558A086CE}.Debug|x86.ActiveCfg = Debug|Any CPU
		{F8190EE1-FE56-4181-BE8B-2E5558A086CE}.Release|Any CPU.ActiveCfg = Release|Any CPU
		{F8190EE1-FE56-4181-BE8B-2E5558A086CE}.Release|Mixed Platforms.ActiveCfg = Release|Any CPU
		{F8190EE1-FE56-4181-BE8B-2E5558A086CE}.Release|x86.ActiveCfg = Release|Any CPU
		{42022F14-ACC9-44BD-B5AF-E2F6ABCFE9A4}.Debug|Any CPU.ActiveCfg = Debug|Any CPU
		{42022F14-ACC9-44BD-B5AF-E2F6ABCFE9A4}.Debug|Any CPU.Build.0 = Debug|Any CPU
		{42022F14-ACC9-44BD-B5AF-E2F6ABCFE9A4}.Debug|Mixed Platforms.ActiveCfg = Debug|Any CPU
		{42022F14-ACC9-44BD-B5AF-E2F6ABCFE9A4}.Debug|Mixed Platforms.Build.0 = Debug|Any CPU
		{42022F14-ACC9-44BD-B5AF-E2F6ABCFE9A4}.Debug|x86.ActiveCfg = Debug|Any CPU
		{42022F14-ACC9-44BD-B5AF-E2F6ABCFE9A4}.Release|Any CPU.ActiveCfg = Release|Any CPU
		{42022F14-ACC9-44BD-B5AF-E2F6ABCFE9A4}.Release|Any CPU.Build.0 = Release|Any CPU
		{42022F14-ACC9-44BD-B5AF-E2F6ABCFE9A4}.Release|Mixed Platforms.ActiveCfg = Release|Any CPU
		{42022F14-ACC9-44BD-B5AF-E2F6ABCFE9A4}.Release|Mixed Platforms.Build.0 = Release|Any CPU
		{42022F14-ACC9-44BD-B5AF-E2F6ABCFE9A4}.Release|x86.ActiveCfg = Release|Any CPU
		{B2E1A76D-CCD9-4C87-B0A2-FA23396D78D0}.Debug|Any CPU.ActiveCfg = Debug|Any CPU
		{B2E1A76D-CCD9-4C87-B0A2-FA23396D78D0}.Debug|Any CPU.Build.0 = Debug|Any CPU
		{B2E1A76D-CCD9-4C87-B0A2-FA23396D78D0}.Debug|Mixed Platforms.ActiveCfg = Debug|Any CPU
		{B2E1A76D-CCD9-4C87-B0A2-FA23396D78D0}.Debug|Mixed Platforms.Build.0 = Debug|Any CPU
		{B2E1A76D-CCD9-4C87-B0A2-FA23396D78D0}.Debug|x86.ActiveCfg = Debug|Any CPU
		{B2E1A76D-CCD9-4C87-B0A2-FA23396D78D0}.Release|Any CPU.ActiveCfg = Release|Any CPU
		{B2E1A76D-CCD9-4C87-B0A2-FA23396D78D0}.Release|Any CPU.Build.0 = Release|Any CPU
		{B2E1A76D-CCD9-4C87-B0A2-FA23396D78D0}.Release|Mixed Platforms.ActiveCfg = Release|Any CPU
		{B2E1A76D-CCD9-4C87-B0A2-FA23396D78D0}.Release|Mixed Platforms.Build.0 = Release|Any CPU
		{B2E1A76D-CCD9-4C87-B0A2-FA23396D78D0}.Release|x86.ActiveCfg = Release|Any CPU
		{E6E5D9D5-A67A-4CFE-84EB-EFCCDB62F351}.Debug|Any CPU.ActiveCfg = Debug|Any CPU
		{E6E5D9D5-A67A-4CFE-84EB-EFCCDB62F351}.Debug|Any CPU.Build.0 = Debug|Any CPU
		{E6E5D9D5-A67A-4CFE-84EB-EFCCDB62F351}.Debug|Mixed Platforms.ActiveCfg = Debug|Any CPU
		{E6E5D9D5-A67A-4CFE-84EB-EFCCDB62F351}.Debug|Mixed Platforms.Build.0 = Debug|Any CPU
		{E6E5D9D5-A67A-4CFE-84EB-EFCCDB62F351}.Debug|x86.ActiveCfg = Debug|Any CPU
		{E6E5D9D5-A67A-4CFE-84EB-EFCCDB62F351}.Release|Any CPU.ActiveCfg = Release|Any CPU
		{E6E5D9D5-A67A-4CFE-84EB-EFCCDB62F351}.Release|Any CPU.Build.0 = Release|Any CPU
		{E6E5D9D5-A67A-4CFE-84EB-EFCCDB62F351}.Release|Mixed Platforms.ActiveCfg = Release|Any CPU
		{E6E5D9D5-A67A-4CFE-84EB-EFCCDB62F351}.Release|Mixed Platforms.Build.0 = Release|Any CPU
		{E6E5D9D5-A67A-4CFE-84EB-EFCCDB62F351}.Release|x86.ActiveCfg = Release|Any CPU
		{27A91FC0-0859-43A8-8A35-6B3C159889D9}.Debug|Any CPU.ActiveCfg = Debug|Any CPU
		{27A91FC0-0859-43A8-8A35-6B3C159889D9}.Debug|Any CPU.Build.0 = Debug|Any CPU
		{27A91FC0-0859-43A8-8A35-6B3C159889D9}.Debug|Mixed Platforms.ActiveCfg = Debug|Any CPU
		{27A91FC0-0859-43A8-8A35-6B3C159889D9}.Debug|Mixed Platforms.Build.0 = Debug|Any CPU
		{27A91FC0-0859-43A8-8A35-6B3C159889D9}.Debug|x86.ActiveCfg = Debug|Any CPU
		{27A91FC0-0859-43A8-8A35-6B3C159889D9}.Release|Any CPU.ActiveCfg = Release|Any CPU
		{27A91FC0-0859-43A8-8A35-6B3C159889D9}.Release|Any CPU.Build.0 = Release|Any CPU
		{27A91FC0-0859-43A8-8A35-6B3C159889D9}.Release|Mixed Platforms.ActiveCfg = Release|Any CPU
		{27A91FC0-0859-43A8-8A35-6B3C159889D9}.Release|Mixed Platforms.Build.0 = Release|Any CPU
		{27A91FC0-0859-43A8-8A35-6B3C159889D9}.Release|x86.ActiveCfg = Release|Any CPU
		{7D4D3AFA-4377-4B3A-8B6D-6E06CCA0C73E}.Debug|Any CPU.ActiveCfg = Debug|Any CPU
		{7D4D3AFA-4377-4B3A-8B6D-6E06CCA0C73E}.Debug|Any CPU.Build.0 = Debug|Any CPU
		{7D4D3AFA-4377-4B3A-8B6D-6E06CCA0C73E}.Debug|Mixed Platforms.ActiveCfg = Debug|Any CPU
		{7D4D3AFA-4377-4B3A-8B6D-6E06CCA0C73E}.Debug|Mixed Platforms.Build.0 = Debug|Any CPU
		{7D4D3AFA-4377-4B3A-8B6D-6E06CCA0C73E}.Debug|x86.ActiveCfg = Debug|Any CPU
		{7D4D3AFA-4377-4B3A-8B6D-6E06CCA0C73E}.Release|Any CPU.ActiveCfg = Release|Any CPU
		{7D4D3AFA-4377-4B3A-8B6D-6E06CCA0C73E}.Release|Any CPU.Build.0 = Release|Any CPU
		{7D4D3AFA-4377-4B3A-8B6D-6E06CCA0C73E}.Release|Mixed Platforms.ActiveCfg = Release|Any CPU
		{7D4D3AFA-4377-4B3A-8B6D-6E06CCA0C73E}.Release|Mixed Platforms.Build.0 = Release|Any CPU
		{7D4D3AFA-4377-4B3A-8B6D-6E06CCA0C73E}.Release|x86.ActiveCfg = Release|Any CPU
		{BBBA21FA-21D8-4A73-B392-43D85D3BF076}.Debug|Any CPU.ActiveCfg = Debug|Any CPU
		{BBBA21FA-21D8-4A73-B392-43D85D3BF076}.Debug|Any CPU.Build.0 = Debug|Any CPU
		{BBBA21FA-21D8-4A73-B392-43D85D3BF076}.Debug|Mixed Platforms.ActiveCfg = Debug|Any CPU
		{BBBA21FA-21D8-4A73-B392-43D85D3BF076}.Debug|Mixed Platforms.Build.0 = Debug|Any CPU
		{BBBA21FA-21D8-4A73-B392-43D85D3BF076}.Debug|x86.ActiveCfg = Debug|Any CPU
		{BBBA21FA-21D8-4A73-B392-43D85D3BF076}.Release|Any CPU.ActiveCfg = Release|Any CPU
		{BBBA21FA-21D8-4A73-B392-43D85D3BF076}.Release|Any CPU.Build.0 = Release|Any CPU
		{BBBA21FA-21D8-4A73-B392-43D85D3BF076}.Release|Mixed Platforms.ActiveCfg = Release|Any CPU
		{BBBA21FA-21D8-4A73-B392-43D85D3BF076}.Release|Mixed Platforms.Build.0 = Release|Any CPU
		{BBBA21FA-21D8-4A73-B392-43D85D3BF076}.Release|x86.ActiveCfg = Release|Any CPU
		{47A7B1DB-9947-4508-912C-E84EEB9E6D1E}.Debug|Any CPU.ActiveCfg = Debug|Any CPU
		{47A7B1DB-9947-4508-912C-E84EEB9E6D1E}.Debug|Any CPU.Build.0 = Debug|Any CPU
		{47A7B1DB-9947-4508-912C-E84EEB9E6D1E}.Debug|Mixed Platforms.ActiveCfg = Debug|Any CPU
		{47A7B1DB-9947-4508-912C-E84EEB9E6D1E}.Debug|Mixed Platforms.Build.0 = Debug|Any CPU
		{47A7B1DB-9947-4508-912C-E84EEB9E6D1E}.Debug|x86.ActiveCfg = Debug|Any CPU
		{47A7B1DB-9947-4508-912C-E84EEB9E6D1E}.Release|Any CPU.ActiveCfg = Release|Any CPU
		{47A7B1DB-9947-4508-912C-E84EEB9E6D1E}.Release|Any CPU.Build.0 = Release|Any CPU
		{47A7B1DB-9947-4508-912C-E84EEB9E6D1E}.Release|Mixed Platforms.ActiveCfg = Release|Any CPU
		{47A7B1DB-9947-4508-912C-E84EEB9E6D1E}.Release|Mixed Platforms.Build.0 = Release|Any CPU
		{47A7B1DB-9947-4508-912C-E84EEB9E6D1E}.Release|x86.ActiveCfg = Release|Any CPU
		{5301E9F1-4D8F-40AA-ADBA-1C209984CD5B}.Debug|Any CPU.ActiveCfg = Debug|Any CPU
		{5301E9F1-4D8F-40AA-ADBA-1C209984CD5B}.Debug|Any CPU.Build.0 = Debug|Any CPU
		{5301E9F1-4D8F-40AA-ADBA-1C209984CD5B}.Debug|Mixed Platforms.ActiveCfg = Debug|Any CPU
		{5301E9F1-4D8F-40AA-ADBA-1C209984CD5B}.Debug|Mixed Platforms.Build.0 = Debug|Any CPU
		{5301E9F1-4D8F-40AA-ADBA-1C209984CD5B}.Debug|x86.ActiveCfg = Debug|Any CPU
		{5301E9F1-4D8F-40AA-ADBA-1C209984CD5B}.Release|Any CPU.ActiveCfg = Release|Any CPU
		{5301E9F1-4D8F-40AA-ADBA-1C209984CD5B}.Release|Any CPU.Build.0 = Release|Any CPU
		{5301E9F1-4D8F-40AA-ADBA-1C209984CD5B}.Release|Mixed Platforms.ActiveCfg = Release|Any CPU
		{5301E9F1-4D8F-40AA-ADBA-1C209984CD5B}.Release|Mixed Platforms.Build.0 = Release|Any CPU
		{5301E9F1-4D8F-40AA-ADBA-1C209984CD5B}.Release|x86.ActiveCfg = Release|Any CPU
	EndGlobalSection
	GlobalSection(SolutionProperties) = preSolution
		HideSolutionNode = FALSE
	EndGlobalSection
EndGlobal
